{
  "object": {
    "pins": [
      {
        "package": "BetterSafariView",
        "repositoryURL": "https://github.com/stleamist/BetterSafariView",
        "state": {
          "branch": "main",
          "revision": "884533749e55949b2566030948c6fdbe2873ed0c",
          "version": null
        }
      },
      {
        "package": "DebouncedOnChange",
        "repositoryURL": "https://github.com/Tunous/DebouncedOnChange.git",
        "state": {
          "branch": null,
          "revision": "b699017e13966e35c9388c8cc97151c8883dda1e",
          "version": "1.1.0"
        }
      },
      {
        "package": "Defaults",
        "repositoryURL": "https://github.com/sindresorhus/Defaults",
        "state": {
          "branch": "main",
          "revision": "d8a9f5105607c85b544558e7f5b51d6c360ba88b",
          "version": null
        }
      },
      {
        "package": "FLAnimatedImage",
        "repositoryURL": "https://github.com/Flipboard/FLAnimatedImage.git",
        "state": {
          "branch": null,
          "revision": "d4f07b6f164d53c1212c3e54d6460738b1981e9f",
          "version": "1.0.17"
        }
      },
      {
        "package": "Giffy",
        "repositoryURL": "https://github.com/tfmart/giffy",
        "state": {
          "branch": "main",
          "revision": "7300767fc9509ce7f86d9c6a2750ceb18f93a464",
          "version": null
        }
      },
      {
        "package": "Modals",
        "repositoryURL": "http://github.com/fieldday-ai/Modals.git",
        "state": {
          "branch": "main",
          "revision": "b39c66a473dd6ba5309b4263027ccce514b08186",
          "version": null
        }
      },
      {
        "package": "Nuke",
        "repositoryURL": "https://github.com/kean/Nuke",
        "state": {
          "branch": null,
          "revision": "3f666f120b63ea7de57d42e9a7c9b47f8e7a290b",
          "version": "12.1.6"
        }
      },
      {
        "package": "Pow",
        "repositoryURL": "https://github.com/movingparts-io/Pow",
        "state": {
          "branch": "main",
          "revision": "d5dc8370f8da53aa54cee9fa909cbe8d6d122ccc",
          "version": null
        }
      },
      {
        "package": "SmoothGradient",
        "repositoryURL": "https://github.com/raymondjavaxx/SmoothGradient.git",
        "state": {
          "branch": null,
          "revision": "61bf248fad31c7921c9985b418e6e9297cd7b861",
          "version": "1.0.0"
        }
      },
      {
        "package": "swift-collections",
        "repositoryURL": "https://github.com/apple/swift-collections",
        "state": {
          "branch": null,
          "revision": "a902f1823a7ff3c9ab2fba0f992396b948eda307",
          "version": "1.0.5"
        }
      },
      {
        "package": "swift-identified-collections",
        "repositoryURL": "https://github.com/pointfreeco/swift-identified-collections",
        "state": {
          "branch": null,
          "revision": "d1e45f3e1eee2c9193f5369fa9d70a6ddad635e8",
          "version": "1.0.0"
        }
      },
      {
        "package": "SwiftUI-Shimmer",
        "repositoryURL": "https://github.com/markiv/SwiftUI-Shimmer",
        "state": {
          "branch": null,
          "revision": "1f3a620e4abe890d00008cb2af7023d810b433a7",
          "version": "1.4.0"
        }
      }
    ]
  },
  "version": 1
}
