// !$*UTF8*$!
{
	archiveVersion = 1;
	classes = {
	};
	objectVersion = 56;
	objects = {

/* Begin PBXBuildFile section */
		8FB168AF2AD9BCE200426906 /* FullArenaModel.swift in Sources */ = {isa = PBXBuildFile; fileRef = 8FB168AE2AD9BCE200426906 /* FullArenaModel.swift */; };
		8FB168B32ADA192000426906 /* ArenaSampleData.swift in Sources */ = {isa = PBXBuildFile; fileRef = 8FB168B22ADA192000426906 /* ArenaSampleData.swift */; };
		8FB168B52ADA53DF00426906 /* ChannelFetcher.swift in Sources */ = {isa = PBXBuildFile; fileRef = 8FB168B42ADA53DF00426906 /* ChannelFetcher.swift */; };
		8FB168B72ADA565D00426906 /* ChannelView.swift in Sources */ = {isa = PBXBuildFile; fileRef = 8FB168B62ADA565D00426906 /* ChannelView.swift */; };
		8FB168B92ADA5C3B00426906 /* BlockView.swift in Sources */ = {isa = PBXBuildFile; fileRef = 8FB168B82ADA5C3B00426906 /* BlockView.swift */; };
		8FF0C5A22AD89C3B007D5959 /* ArenaApp.swift in Sources */ = {isa = PBXBuildFile; fileRef = 8FF0C5A12AD89C3B007D5959 /* ArenaApp.swift */; };
		8FF0C5A42AD89C3B007D5959 /* ContentView.swift in Sources */ = {isa = PBXBuildFile; fileRef = 8FF0C5A32AD89C3B007D5959 /* ContentView.swift */; };
		8FF0C5A62AD89C3D007D5959 /* Assets.xcassets in Resources */ = {isa = PBXBuildFile; fileRef = 8FF0C5A52AD89C3D007D5959 /* Assets.xcassets */; };
		8FF0C5A92AD89C3D007D5959 /* Preview Assets.xcassets in Resources */ = {isa = PBXBuildFile; fileRef = 8FF0C5A82AD89C3D007D5959 /* Preview Assets.xcassets */; };
		8FF0C5B32AD89C3D007D5959 /* ArenaTests.swift in Sources */ = {isa = PBXBuildFile; fileRef = 8FF0C5B22AD89C3D007D5959 /* ArenaTests.swift */; };
		8FF0C5BD2AD89C3D007D5959 /* ArenaUITests.swift in Sources */ = {isa = PBXBuildFile; fileRef = 8FF0C5BC2AD89C3D007D5959 /* ArenaUITests.swift */; };
		8FF0C5BF2AD89C3D007D5959 /* ArenaUITestsLaunchTests.swift in Sources */ = {isa = PBXBuildFile; fileRef = 8FF0C5BE2AD89C3D007D5959 /* ArenaUITestsLaunchTests.swift */; };
		8FF0C5CC2AD8C09F007D5959 /* ChannelsFetcher.swift in Sources */ = {isa = PBXBuildFile; fileRef = 8FF0C5CB2AD8C09F007D5959 /* ChannelsFetcher.swift */; };
		8FF0C5CE2AD8C40E007D5959 /* ArenaModels.swift in Sources */ = {isa = PBXBuildFile; fileRef = 8FF0C5CD2AD8C40E007D5959 /* ArenaModels.swift */; };
		8FF0C5D12AD8CA7D007D5959 /* ChannelsView.swift in Sources */ = {isa = PBXBuildFile; fileRef = 8FF0C5D02AD8CA7D007D5959 /* ChannelsView.swift */; };
/* End PBXBuildFile section */

/* Begin PBXContainerItemProxy section */
		8FF0C5AF2AD89C3D007D5959 /* PBXContainerItemProxy */ = {
			isa = PBXContainerItemProxy;
			containerPortal = 8FF0C5962AD89C3B007D5959 /* Project object */;
			proxyType = 1;
			remoteGlobalIDString = 8FF0C59D2AD89C3B007D5959;
			remoteInfo = Arena;
		};
		8FF0C5B92AD89C3D007D5959 /* PBXContainerItemProxy */ = {
			isa = PBXContainerItemProxy;
			containerPortal = 8FF0C5962AD89C3B007D5959 /* Project object */;
			proxyType = 1;
			remoteGlobalIDString = 8FF0C59D2AD89C3B007D5959;
			remoteInfo = Arena;
		};
/* End PBXContainerItemProxy section */

/* Begin PBXFileReference section */
		8FB168AD2AD9ADF300426906 /* TODO.md */ = {isa = PBXFileReference; lastKnownFileType = net.daringfireball.markdown; path = TODO.md; sourceTree = "<group>"; };
		8FB168AE2AD9BCE200426906 /* FullArenaModel.swift */ = {isa = PBXFileReference; lastKnownFileType = sourcecode.swift; path = FullArenaModel.swift; sourceTree = "<group>"; };
		8FB168B12AD9C8AA00426906 /* README.md */ = {isa = PBXFileReference; lastKnownFileType = net.daringfireball.markdown; path = README.md; sourceTree = "<group>"; };
		8FB168B22ADA192000426906 /* ArenaSampleData.swift */ = {isa = PBXFileReference; lastKnownFileType = sourcecode.swift; path = ArenaSampleData.swift; sourceTree = "<group>"; };
		8FB168B42ADA53DF00426906 /* ChannelFetcher.swift */ = {isa = PBXFileReference; lastKnownFileType = sourcecode.swift; path = ChannelFetcher.swift; sourceTree = "<group>"; };
		8FB168B62ADA565D00426906 /* ChannelView.swift */ = {isa = PBXFileReference; lastKnownFileType = sourcecode.swift; path = ChannelView.swift; sourceTree = "<group>"; };
		8FB168B82ADA5C3B00426906 /* BlockView.swift */ = {isa = PBXFileReference; lastKnownFileType = sourcecode.swift; path = BlockView.swift; sourceTree = "<group>"; };
		8FF0C59E2AD89C3B007D5959 /* Arena.app */ = {isa = PBXFileReference; explicitFileType = wrapper.application; includeInIndex = 0; path = Arena.app; sourceTree = BUILT_PRODUCTS_DIR; };
		8FF0C5A12AD89C3B007D5959 /* ArenaApp.swift */ = {isa = PBXFileReference; lastKnownFileType = sourcecode.swift; path = ArenaApp.swift; sourceTree = "<group>"; };
		8FF0C5A32AD89C3B007D5959 /* ContentView.swift */ = {isa = PBXFileReference; lastKnownFileType = sourcecode.swift; path = ContentView.swift; sourceTree = "<group>"; };
		8FF0C5A52AD89C3D007D5959 /* Assets.xcassets */ = {isa = PBXFileReference; lastKnownFileType = folder.assetcatalog; path = Assets.xcassets; sourceTree = "<group>"; };
		8FF0C5A82AD89C3D007D5959 /* Preview Assets.xcassets */ = {isa = PBXFileReference; lastKnownFileType = folder.assetcatalog; path = "Preview Assets.xcassets"; sourceTree = "<group>"; };
		8FF0C5AE2AD89C3D007D5959 /* ArenaTests.xctest */ = {isa = PBXFileReference; explicitFileType = wrapper.cfbundle; includeInIndex = 0; path = ArenaTests.xctest; sourceTree = BUILT_PRODUCTS_DIR; };
		8FF0C5B22AD89C3D007D5959 /* ArenaTests.swift */ = {isa = PBXFileReference; lastKnownFileType = sourcecode.swift; path = ArenaTests.swift; sourceTree = "<group>"; };
		8FF0C5B82AD89C3D007D5959 /* ArenaUITests.xctest */ = {isa = PBXFileReference; explicitFileType = wrapper.cfbundle; includeInIndex = 0; path = ArenaUITests.xctest; sourceTree = BUILT_PRODUCTS_DIR; };
		8FF0C5BC2AD89C3D007D5959 /* ArenaUITests.swift */ = {isa = PBXFileReference; lastKnownFileType = sourcecode.swift; path = ArenaUITests.swift; sourceTree = "<group>"; };
		8FF0C5BE2AD89C3D007D5959 /* ArenaUITestsLaunchTests.swift */ = {isa = PBXFileReference; lastKnownFileType = sourcecode.swift; path = ArenaUITestsLaunchTests.swift; sourceTree = "<group>"; };
		8FF0C5CB2AD8C09F007D5959 /* ChannelsFetcher.swift */ = {isa = PBXFileReference; lastKnownFileType = sourcecode.swift; path = ChannelsFetcher.swift; sourceTree = "<group>"; };
		8FF0C5CD2AD8C40E007D5959 /* ArenaModels.swift */ = {isa = PBXFileReference; lastKnownFileType = sourcecode.swift; path = ArenaModels.swift; sourceTree = "<group>"; };
		8FF0C5D02AD8CA7D007D5959 /* ChannelsView.swift */ = {isa = PBXFileReference; lastKnownFileType = sourcecode.swift; path = ChannelsView.swift; sourceTree = "<group>"; };
		8FF0C5D22AD8CBBF007D5959 /* Info.plist */ = {isa = PBXFileReference; lastKnownFileType = text.plist; path = Info.plist; sourceTree = "<group>"; };
/* End PBXFileReference section */

/* Begin PBXFrameworksBuildPhase section */
		8FF0C59B2AD89C3B007D5959 /* Frameworks */ = {
			isa = PBXFrameworksBuildPhase;
			buildActionMask = 2147483647;
			files = (
			);
			runOnlyForDeploymentPostprocessing = 0;
		};
		8FF0C5AB2AD89C3D007D5959 /* Frameworks */ = {
			isa = PBXFrameworksBuildPhase;
			buildActionMask = 2147483647;
			files = (
			);
			runOnlyForDeploymentPostprocessing = 0;
		};
		8FF0C5B52AD89C3D007D5959 /* Frameworks */ = {
			isa = PBXFrameworksBuildPhase;
			buildActionMask = 2147483647;
			files = (
			);
			runOnlyForDeploymentPostprocessing = 0;
		};
/* End PBXFrameworksBuildPhase section */

/* Begin PBXGroup section */
		8FB168B02AD9BD0800426906 /* ArenaArchive */ = {
			isa = PBXGroup;
			children = (
				8FB168AE2AD9BCE200426906 /* FullArenaModel.swift */,
			);
			path = ArenaArchive;
			sourceTree = "<group>";
		};
		8FF0C5952AD89C3B007D5959 = {
			isa = PBXGroup;
			children = (
				8FB168B02AD9BD0800426906 /* ArenaArchive */,
				8FF0C5A02AD89C3B007D5959 /* Arena */,
				8FF0C5B12AD89C3D007D5959 /* ArenaTests */,
				8FF0C5BB2AD89C3D007D5959 /* ArenaUITests */,
				8FF0C59F2AD89C3B007D5959 /* Products */,
			);
			sourceTree = "<group>";
		};
		8FF0C59F2AD89C3B007D5959 /* Products */ = {
			isa = PBXGroup;
			children = (
				8FF0C59E2AD89C3B007D5959 /* Arena.app */,
				8FF0C5AE2AD89C3D007D5959 /* ArenaTests.xctest */,
				8FF0C5B82AD89C3D007D5959 /* ArenaUITests.xctest */,
			);
			name = Products;
			sourceTree = "<group>";
		};
		8FF0C5A02AD89C3B007D5959 /* Arena */ = {
			isa = PBXGroup;
			children = (
				8FF0C5D22AD8CBBF007D5959 /* Info.plist */,
				8FF0C5CF2AD8CA6F007D5959 /* Screens */,
				8FF0C5A12AD89C3B007D5959 /* ArenaApp.swift */,
				8FF0C5A32AD89C3B007D5959 /* ContentView.swift */,
				8FF0C5CB2AD8C09F007D5959 /* ChannelsFetcher.swift */,
				8FB168B42ADA53DF00426906 /* ChannelFetcher.swift */,
				8FF0C5CD2AD8C40E007D5959 /* ArenaModels.swift */,
				8FB168B22ADA192000426906 /* ArenaSampleData.swift */,
				8FF0C5A52AD89C3D007D5959 /* Assets.xcassets */,
				8FF0C5A72AD89C3D007D5959 /* Preview Content */,
				8FB168AD2AD9ADF300426906 /* TODO.md */,
				8FB168B12AD9C8AA00426906 /* README.md */,
			);
			path = Arena;
			sourceTree = "<group>";
		};
		8FF0C5A72AD89C3D007D5959 /* Preview Content */ = {
			isa = PBXGroup;
			children = (
				8FF0C5A82AD89C3D007D5959 /* Preview Assets.xcassets */,
			);
			path = "Preview Content";
			sourceTree = "<group>";
		};
		8FF0C5B12AD89C3D007D5959 /* ArenaTests */ = {
			isa = PBXGroup;
			children = (
				8FF0C5B22AD89C3D007D5959 /* ArenaTests.swift */,
			);
			path = ArenaTests;
			sourceTree = "<group>";
		};
		8FF0C5BB2AD89C3D007D5959 /* ArenaUITests */ = {
			isa = PBXGroup;
			children = (
				8FF0C5BC2AD89C3D007D5959 /* ArenaUITests.swift */,
				8FF0C5BE2AD89C3D007D5959 /* ArenaUITestsLaunchTests.swift */,
			);
			path = ArenaUITests;
			sourceTree = "<group>";
		};
		8FF0C5CF2AD8CA6F007D5959 /* Screens */ = {
			isa = PBXGroup;
			children = (
				8FF0C5D02AD8CA7D007D5959 /* ChannelsView.swift */,
				8FB168B62ADA565D00426906 /* ChannelView.swift */,
				8FB168B82ADA5C3B00426906 /* BlockView.swift */,
			);
			path = Screens;
			sourceTree = "<group>";
		};
/* End PBXGroup section */

/* Begin PBXNativeTarget section */
		8FF0C59D2AD89C3B007D5959 /* Arena */ = {
			isa = PBXNativeTarget;
			buildConfigurationList = 8FF0C5C22AD89C3D007D5959 /* Build configuration list for PBXNativeTarget "Arena" */;
			buildPhases = (
				8FF0C59A2AD89C3B007D5959 /* Sources */,
				8FF0C59B2AD89C3B007D5959 /* Frameworks */,
				8FF0C59C2AD89C3B007D5959 /* Resources */,
			);
			buildRules = (
			);
			dependencies = (
			);
			name = Arena;
			productName = Arena;
			productReference = 8FF0C59E2AD89C3B007D5959 /* Arena.app */;
			productType = "com.apple.product-type.application";
		};
		8FF0C5AD2AD89C3D007D5959 /* ArenaTests */ = {
			isa = PBXNativeTarget;
			buildConfigurationList = 8FF0C5C52AD89C3D007D5959 /* Build configuration list for PBXNativeTarget "ArenaTests" */;
			buildPhases = (
				8FF0C5AA2AD89C3D007D5959 /* Sources */,
				8FF0C5AB2AD89C3D007D5959 /* Frameworks */,
				8FF0C5AC2AD89C3D007D5959 /* Resources */,
			);
			buildRules = (
			);
			dependencies = (
				8FF0C5B02AD89C3D007D5959 /* PBXTargetDependency */,
			);
			name = ArenaTests;
			productName = ArenaTests;
			productReference = 8FF0C5AE2AD89C3D007D5959 /* ArenaTests.xctest */;
			productType = "com.apple.product-type.bundle.unit-test";
		};
		8FF0C5B72AD89C3D007D5959 /* ArenaUITests */ = {
			isa = PBXNativeTarget;
			buildConfigurationList = 8FF0C5C82AD89C3D007D5959 /* Build configuration list for PBXNativeTarget "ArenaUITests" */;
			buildPhases = (
				8FF0C5B42AD89C3D007D5959 /* Sources */,
				8FF0C5B52AD89C3D007D5959 /* Frameworks */,
				8FF0C5B62AD89C3D007D5959 /* Resources */,
			);
			buildRules = (
			);
			dependencies = (
				8FF0C5BA2AD89C3D007D5959 /* PBXTargetDependency */,
			);
			name = ArenaUITests;
			productName = ArenaUITests;
			productReference = 8FF0C5B82AD89C3D007D5959 /* ArenaUITests.xctest */;
			productType = "com.apple.product-type.bundle.ui-testing";
		};
/* End PBXNativeTarget section */

/* Begin PBXProject section */
		8FF0C5962AD89C3B007D5959 /* Project object */ = {
			isa = PBXProject;
			attributes = {
				BuildIndependentTargetsInParallel = 1;
				LastSwiftUpdateCheck = 1500;
				LastUpgradeCheck = 1500;
				TargetAttributes = {
					8FF0C59D2AD89C3B007D5959 = {
						CreatedOnToolsVersion = 15.0;
					};
					8FF0C5AD2AD89C3D007D5959 = {
						CreatedOnToolsVersion = 15.0;
						TestTargetID = 8FF0C59D2AD89C3B007D5959;
					};
					8FF0C5B72AD89C3D007D5959 = {
						CreatedOnToolsVersion = 15.0;
						TestTargetID = 8FF0C59D2AD89C3B007D5959;
					};
				};
			};
			buildConfigurationList = 8FF0C5992AD89C3B007D5959 /* Build configuration list for PBXProject "Arena" */;
			compatibilityVersion = "Xcode 14.0";
			developmentRegion = en;
			hasScannedForEncodings = 0;
			knownRegions = (
				en,
				Base,
			);
			mainGroup = 8FF0C5952AD89C3B007D5959;
			productRefGroup = 8FF0C59F2AD89C3B007D5959 /* Products */;
			projectDirPath = "";
			projectRoot = "";
			targets = (
				8FF0C59D2AD89C3B007D5959 /* Arena */,
				8FF0C5AD2AD89C3D007D5959 /* ArenaTests */,
				8FF0C5B72AD89C3D007D5959 /* ArenaUITests */,
			);
		};
/* End PBXProject section */

/* Begin PBXResourcesBuildPhase section */
		8FF0C59C2AD89C3B007D5959 /* Resources */ = {
			isa = PBXResourcesBuildPhase;
			buildActionMask = 2147483647;
			files = (
				8FF0C5A92AD89C3D007D5959 /* Preview Assets.xcassets in Resources */,
				8FF0C5A62AD89C3D007D5959 /* Assets.xcassets in Resources */,
			);
			runOnlyForDeploymentPostprocessing = 0;
		};
		8FF0C5AC2AD89C3D007D5959 /* Resources */ = {
			isa = PBXResourcesBuildPhase;
			buildActionMask = 2147483647;
			files = (
			);
			runOnlyForDeploymentPostprocessing = 0;
		};
		8FF0C5B62AD89C3D007D5959 /* Resources */ = {
			isa = PBXResourcesBuildPhase;
			buildActionMask = 2147483647;
			files = (
			);
			runOnlyForDeploymentPostprocessing = 0;
		};
/* End PBXResourcesBuildPhase section */

/* Begin PBXSourcesBuildPhase section */
		8FF0C59A2AD89C3B007D5959 /* Sources */ = {
			isa = PBXSourcesBuildPhase;
			buildActionMask = 2147483647;
			files = (
				8FF0C5A42AD89C3B007D5959 /* ContentView.swift in Sources */,
				8FB168B52ADA53DF00426906 /* ChannelFetcher.swift in Sources */,
				8FF0C5CC2AD8C09F007D5959 /* ChannelsFetcher.swift in Sources */,
				8FB168B72ADA565D00426906 /* ChannelView.swift in Sources */,
				8FB168AF2AD9BCE200426906 /* FullArenaModel.swift in Sources */,
				8FF0C5D12AD8CA7D007D5959 /* ChannelsView.swift in Sources */,
				8FB168B92ADA5C3B00426906 /* BlockView.swift in Sources */,
				8FB168B32ADA192000426906 /* ArenaSampleData.swift in Sources */,
				8FF0C5A22AD89C3B007D5959 /* ArenaApp.swift in Sources */,
				8FF0C5CE2AD8C40E007D5959 /* ArenaModels.swift in Sources */,
			);
			runOnlyForDeploymentPostprocessing = 0;
		};
		8FF0C5AA2AD89C3D007D5959 /* Sources */ = {
			isa = PBXSourcesBuildPhase;
			buildActionMask = 2147483647;
			files = (
				8FF0C5B32AD89C3D007D5959 /* ArenaTests.swift in Sources */,
			);
			runOnlyForDeploymentPostprocessing = 0;
		};
		8FF0C5B42AD89C3D007D5959 /* Sources */ = {
			isa = PBXSourcesBuildPhase;
			buildActionMask = 2147483647;
			files = (
				8FF0C5BF2AD89C3D007D5959 /* ArenaUITestsLaunchTests.swift in Sources */,
				8FF0C5BD2AD89C3D007D5959 /* ArenaUITests.swift in Sources */,
			);
			runOnlyForDeploymentPostprocessing = 0;
		};
/* End PBXSourcesBuildPhase section */

/* Begin PBXTargetDependency section */
		8FF0C5B02AD89C3D007D5959 /* PBXTargetDependency */ = {
			isa = PBXTargetDependency;
			target = 8FF0C59D2AD89C3B007D5959 /* Arena */;
			targetProxy = 8FF0C5AF2AD89C3D007D5959 /* PBXContainerItemProxy */;
		};
		8FF0C5BA2AD89C3D007D5959 /* PBXTargetDependency */ = {
			isa = PBXTargetDependency;
			target = 8FF0C59D2AD89C3B007D5959 /* Arena */;
			targetProxy = 8FF0C5B92AD89C3D007D5959 /* PBXContainerItemProxy */;
		};
/* End PBXTargetDependency section */

/* Begin XCBuildConfiguration section */
		8FF0C5C02AD89C3D007D5959 /* Debug */ = {
			isa = XCBuildConfiguration;
			buildSettings = {
				ALWAYS_SEARCH_USER_PATHS = NO;
				ASSETCATALOG_COMPILER_GENERATE_SWIFT_ASSET_SYMBOL_EXTENSIONS = YES;
				CLANG_ANALYZER_NONNULL = YES;
				CLANG_ANALYZER_NUMBER_OBJECT_CONVERSION = YES_AGGRESSIVE;
				CLANG_CXX_LANGUAGE_STANDARD = "gnu++20";
				CLANG_ENABLE_MODULES = YES;
				CLANG_ENABLE_OBJC_ARC = YES;
				CLANG_ENABLE_OBJC_WEAK = YES;
				CLANG_WARN_BLOCK_CAPTURE_AUTORELEASING = YES;
				CLANG_WARN_BOOL_CONVERSION = YES;
				CLANG_WARN_COMMA = YES;
				CLANG_WARN_CONSTANT_CONVERSION = YES;
				CLANG_WARN_DEPRECATED_OBJC_IMPLEMENTATIONS = YES;
				CLANG_WARN_DIRECT_OBJC_ISA_USAGE = YES_ERROR;
				CLANG_WARN_DOCUMENTATION_COMMENTS = YES;
				CLANG_WARN_EMPTY_BODY = YES;
				CLANG_WARN_ENUM_CONVERSION = YES;
				CLANG_WARN_INFINITE_RECURSION = YES;
				CLANG_WARN_INT_CONVERSION = YES;
				CLANG_WARN_NON_LITERAL_NULL_CONVERSION = YES;
				CLANG_WARN_OBJC_IMPLICIT_RETAIN_SELF = YES;
				CLANG_WARN_OBJC_LITERAL_CONVERSION = YES;
				CLANG_WARN_OBJC_ROOT_CLASS = YES_ERROR;
				CLANG_WARN_QUOTED_INCLUDE_IN_FRAMEWORK_HEADER = YES;
				CLANG_WARN_RANGE_LOOP_ANALYSIS = YES;
				CLANG_WARN_STRICT_PROTOTYPES = YES;
				CLANG_WARN_SUSPICIOUS_MOVE = YES;
				CLANG_WARN_UNGUARDED_AVAILABILITY = YES_AGGRESSIVE;
				CLANG_WARN_UNREACHABLE_CODE = YES;
				CLANG_WARN__DUPLICATE_METHOD_MATCH = YES;
				COPY_PHASE_STRIP = NO;
				DEBUG_INFORMATION_FORMAT = dwarf;
				ENABLE_STRICT_OBJC_MSGSEND = YES;
				ENABLE_TESTABILITY = YES;
				ENABLE_USER_SCRIPT_SANDBOXING = YES;
				GCC_C_LANGUAGE_STANDARD = gnu17;
				GCC_DYNAMIC_NO_PIC = NO;
				GCC_NO_COMMON_BLOCKS = YES;
				GCC_OPTIMIZATION_LEVEL = 0;
				GCC_PREPROCESSOR_DEFINITIONS = (
					"DEBUG=1",
					"$(inherited)",
				);
				GCC_WARN_64_TO_32_BIT_CONVERSION = YES;
				GCC_WARN_ABOUT_RETURN_TYPE = YES_ERROR;
				GCC_WARN_UNDECLARED_SELECTOR = YES;
				GCC_WARN_UNINITIALIZED_AUTOS = YES_AGGRESSIVE;
				GCC_WARN_UNUSED_FUNCTION = YES;
				GCC_WARN_UNUSED_VARIABLE = YES;
				IPHONEOS_DEPLOYMENT_TARGET = 17.0;
				LOCALIZATION_PREFERS_STRING_CATALOGS = YES;
				MTL_ENABLE_DEBUG_INFO = INCLUDE_SOURCE;
				MTL_FAST_MATH = YES;
				ONLY_ACTIVE_ARCH = YES;
				SDKROOT = iphoneos;
				SWIFT_ACTIVE_COMPILATION_CONDITIONS = "DEBUG $(inherited)";
				SWIFT_OPTIMIZATION_LEVEL = "-Onone";
			};
			name = Debug;
		};
		8FF0C5C12AD89C3D007D5959 /* Release */ = {
			isa = XCBuildConfiguration;
			buildSettings = {
				ALWAYS_SEARCH_USER_PATHS = NO;
				ASSETCATALOG_COMPILER_GENERATE_SWIFT_ASSET_SYMBOL_EXTENSIONS = YES;
				CLANG_ANALYZER_NONNULL = YES;
				CLANG_ANALYZER_NUMBER_OBJECT_CONVERSION = YES_AGGRESSIVE;
				CLANG_CXX_LANGUAGE_STANDARD = "gnu++20";
				CLANG_ENABLE_MODULES = YES;
				CLANG_ENABLE_OBJC_ARC = YES;
				CLANG_ENABLE_OBJC_WEAK = YES;
				CLANG_WARN_BLOCK_CAPTURE_AUTORELEASING = YES;
				CLANG_WARN_BOOL_CONVERSION = YES;
				CLANG_WARN_COMMA = YES;
				CLANG_WARN_CONSTANT_CONVERSION = YES;
				CLANG_WARN_DEPRECATED_OBJC_IMPLEMENTATIONS = YES;
				CLANG_WARN_DIRECT_OBJC_ISA_USAGE = YES_ERROR;
				CLANG_WARN_DOCUMENTATION_COMMENTS = YES;
				CLANG_WARN_EMPTY_BODY = YES;
				CLANG_WARN_ENUM_CONVERSION = YES;
				CLANG_WARN_INFINITE_RECURSION = YES;
				CLANG_WARN_INT_CONVERSION = YES;
				CLANG_WARN_NON_LITERAL_NULL_CONVERSION = YES;
				CLANG_WARN_OBJC_IMPLICIT_RETAIN_SELF = YES;
				CLANG_WARN_OBJC_LITERAL_CONVERSION = YES;
				CLANG_WARN_OBJC_ROOT_CLASS = YES_ERROR;
				CLANG_WARN_QUOTED_INCLUDE_IN_FRAMEWORK_HEADER = YES;
				CLANG_WARN_RANGE_LOOP_ANALYSIS = YES;
				CLANG_WARN_STRICT_PROTOTYPES = YES;
				CLANG_WARN_SUSPICIOUS_MOVE = YES;
				CLANG_WARN_UNGUARDED_AVAILABILITY = YES_AGGRESSIVE;
				CLANG_WARN_UNREACHABLE_CODE = YES;
				CLANG_WARN__DUPLICATE_METHOD_MATCH = YES;
				COPY_PHASE_STRIP = NO;
				DEBUG_INFORMATION_FORMAT = "dwarf-with-dsym";
				ENABLE_NS_ASSERTIONS = NO;
				ENABLE_STRICT_OBJC_MSGSEND = YES;
				ENABLE_USER_SCRIPT_SANDBOXING = YES;
				GCC_C_LANGUAGE_STANDARD = gnu17;
				GCC_NO_COMMON_BLOCKS = YES;
				GCC_WARN_64_TO_32_BIT_CONVERSION = YES;
				GCC_WARN_ABOUT_RETURN_TYPE = YES_ERROR;
				GCC_WARN_UNDECLARED_SELECTOR = YES;
				GCC_WARN_UNINITIALIZED_AUTOS = YES_AGGRESSIVE;
				GCC_WARN_UNUSED_FUNCTION = YES;
				GCC_WARN_UNUSED_VARIABLE = YES;
				IPHONEOS_DEPLOYMENT_TARGET = 17.0;
				LOCALIZATION_PREFERS_STRING_CATALOGS = YES;
				MTL_ENABLE_DEBUG_INFO = NO;
				MTL_FAST_MATH = YES;
				SDKROOT = iphoneos;
				SWIFT_COMPILATION_MODE = wholemodule;
				VALIDATE_PRODUCT = YES;
			};
			name = Release;
		};
		8FF0C5C32AD89C3D007D5959 /* Debug */ = {
			isa = XCBuildConfiguration;
			buildSettings = {
				ASSETCATALOG_COMPILER_APPICON_NAME = AppIcon;
				ASSETCATALOG_COMPILER_GLOBAL_ACCENT_COLOR_NAME = AccentColor;
				CODE_SIGN_STYLE = Automatic;
				CURRENT_PROJECT_VERSION = 1;
				DEVELOPMENT_ASSET_PATHS = "\"Arena/Preview Content\"";
				ENABLE_PREVIEWS = YES;
				GENERATE_INFOPLIST_FILE = YES;
				INFOPLIST_FILE = Arena/Info.plist;
				INFOPLIST_KEY_UIApplicationSceneManifest_Generation = YES;
				INFOPLIST_KEY_UIApplicationSupportsIndirectInputEvents = YES;
				INFOPLIST_KEY_UILaunchScreen_Generation = YES;
				INFOPLIST_KEY_UISupportedInterfaceOrientations_iPad = "UIInterfaceOrientationPortrait UIInterfaceOrientationPortraitUpsideDown UIInterfaceOrientationLandscapeLeft UIInterfaceOrientationLandscapeRight";
				INFOPLIST_KEY_UISupportedInterfaceOrientations_iPhone = "UIInterfaceOrientationPortrait UIInterfaceOrientationLandscapeLeft UIInterfaceOrientationLandscapeRight";
				LD_RUNPATH_SEARCH_PATHS = (
					"$(inherited)",
					"@executable_path/Frameworks",
				);
				MARKETING_VERSION = 1.0;
				PRODUCT_BUNDLE_IDENTIFIER = com.childrenofthesun.Arena;
				PRODUCT_NAME = "$(TARGET_NAME)";
				SWIFT_EMIT_LOC_STRINGS = YES;
				SWIFT_VERSION = 5.0;
				TARGETED_DEVICE_FAMILY = "1,2";
			};
			name = Debug;
		};
		8FF0C5C42AD89C3D007D5959 /* Release */ = {
			isa = XCBuildConfiguration;
			buildSettings = {
				ASSETCATALOG_COMPILER_APPICON_NAME = AppIcon;
				ASSETCATALOG_COMPILER_GLOBAL_ACCENT_COLOR_NAME = AccentColor;
				CODE_SIGN_STYLE = Automatic;
				CURRENT_PROJECT_VERSION = 1;
				DEVELOPMENT_ASSET_PATHS = "\"Arena/Preview Content\"";
				ENABLE_PREVIEWS = YES;
				GENERATE_INFOPLIST_FILE = YES;
				INFOPLIST_FILE = Arena/Info.plist;
				INFOPLIST_KEY_UIApplicationSceneManifest_Generation = YES;
				INFOPLIST_KEY_UIApplicationSupportsIndirectInputEvents = YES;
				INFOPLIST_KEY_UILaunchScreen_Generation = YES;
				INFOPLIST_KEY_UISupportedInterfaceOrientations_iPad = "UIInterfaceOrientationPortrait UIInterfaceOrientationPortraitUpsideDown UIInterfaceOrientationLandscapeLeft UIInterfaceOrientationLandscapeRight";
				INFOPLIST_KEY_UISupportedInterfaceOrientations_iPhone = "UIInterfaceOrientationPortrait UIInterfaceOrientationLandscapeLeft UIInterfaceOrientationLandscapeRight";
				LD_RUNPATH_SEARCH_PATHS = (
					"$(inherited)",
					"@executable_path/Frameworks",
				);
				MARKETING_VERSION = 1.0;
				PRODUCT_BUNDLE_IDENTIFIER = com.childrenofthesun.Arena;
				PRODUCT_NAME = "$(TARGET_NAME)";
				SWIFT_EMIT_LOC_STRINGS = YES;
				SWIFT_VERSION = 5.0;
				TARGETED_DEVICE_FAMILY = "1,2";
			};
			name = Release;
		};
		8FF0C5C62AD89C3D007D5959 /* Debug */ = {
			isa = XCBuildConfiguration;
			buildSettings = {
				ALWAYS_EMBED_SWIFT_STANDARD_LIBRARIES = YES;
				BUNDLE_LOADER = "$(TEST_HOST)";
				CODE_SIGN_STYLE = Automatic;
				CURRENT_PROJECT_VERSION = 1;
				GENERATE_INFOPLIST_FILE = YES;
				IPHONEOS_DEPLOYMENT_TARGET = 17.0;
				MARKETING_VERSION = 1.0;
				PRODUCT_BUNDLE_IDENTIFIER = com.childrenofthesun.ArenaTests;
				PRODUCT_NAME = "$(TARGET_NAME)";
				SWIFT_EMIT_LOC_STRINGS = NO;
				SWIFT_VERSION = 5.0;
				TARGETED_DEVICE_FAMILY = "1,2";
				TEST_HOST = "$(BUILT_PRODUCTS_DIR)/Arena.app/$(BUNDLE_EXECUTABLE_FOLDER_PATH)/Arena";
			};
			name = Debug;
		};
		8FF0C5C72AD89C3D007D5959 /* Release */ = {
			isa = XCBuildConfiguration;
			buildSettings = {
				ALWAYS_EMBED_SWIFT_STANDARD_LIBRARIES = YES;
				BUNDLE_LOADER = "$(TEST_HOST)";
				CODE_SIGN_STYLE = Automatic;
				CURRENT_PROJECT_VERSION = 1;
				GENERATE_INFOPLIST_FILE = YES;
				IPHONEOS_DEPLOYMENT_TARGET = 17.0;
				MARKETING_VERSION = 1.0;
				PRODUCT_BUNDLE_IDENTIFIER = com.childrenofthesun.ArenaTests;
				PRODUCT_NAME = "$(TARGET_NAME)";
				SWIFT_EMIT_LOC_STRINGS = NO;
				SWIFT_VERSION = 5.0;
				TARGETED_DEVICE_FAMILY = "1,2";
				TEST_HOST = "$(BUILT_PRODUCTS_DIR)/Arena.app/$(BUNDLE_EXECUTABLE_FOLDER_PATH)/Arena";
			};
			name = Release;
		};
		8FF0C5C92AD89C3D007D5959 /* Debug */ = {
			isa = XCBuildConfiguration;
			buildSettings = {
				ALWAYS_EMBED_SWIFT_STANDARD_LIBRARIES = YES;
				CODE_SIGN_STYLE = Automatic;
				CURRENT_PROJECT_VERSION = 1;
				GENERATE_INFOPLIST_FILE = YES;
				MARKETING_VERSION = 1.0;
				PRODUCT_BUNDLE_IDENTIFIER = com.childrenofthesun.ArenaUITests;
				PRODUCT_NAME = "$(TARGET_NAME)";
				SWIFT_EMIT_LOC_STRINGS = NO;
				SWIFT_VERSION = 5.0;
				TARGETED_DEVICE_FAMILY = "1,2";
				TEST_TARGET_NAME = Arena;
			};
			name = Debug;
		};
		8FF0C5CA2AD89C3D007D5959 /* Release */ = {
			isa = XCBuildConfiguration;
			buildSettings = {
				ALWAYS_EMBED_SWIFT_STANDARD_LIBRARIES = YES;
				CODE_SIGN_STYLE = Automatic;
				CURRENT_PROJECT_VERSION = 1;
				GENERATE_INFOPLIST_FILE = YES;
				MARKETING_VERSION = 1.0;
				PRODUCT_BUNDLE_IDENTIFIER = com.childrenofthesun.ArenaUITests;
				PRODUCT_NAME = "$(TARGET_NAME)";
				SWIFT_EMIT_LOC_STRINGS = NO;
				SWIFT_VERSION = 5.0;
				TARGETED_DEVICE_FAMILY = "1,2";
				TEST_TARGET_NAME = Arena;
			};
			name = Release;
		};
/* End XCBuildConfiguration section */

/* Begin XCConfigurationList section */
		8FF0C5992AD89C3B007D5959 /* Build configuration list for PBXProject "Arena" */ = {
			isa = XCConfigurationList;
			buildConfigurations = (
				8FF0C5C02AD89C3D007D5959 /* Debug */,
				8FF0C5C12AD89C3D007D5959 /* Release */,
			);
			defaultConfigurationIsVisible = 0;
			defaultConfigurationName = Release;
		};
		8FF0C5C22AD89C3D007D5959 /* Build configuration list for PBXNativeTarget "Arena" */ = {
			isa = XCConfigurationList;
			buildConfigurations = (
				8FF0C5C32AD89C3D007D5959 /* Debug */,
				8FF0C5C42AD89C3D007D5959 /* Release */,
			);
			defaultConfigurationIsVisible = 0;
			defaultConfigurationName = Release;
		};
		8FF0C5C52AD89C3D007D5959 /* Build configuration list for PBXNativeTarget "ArenaTests" */ = {
			isa = XCConfigurationList;
			buildConfigurations = (
				8FF0C5C62AD89C3D007D5959 /* Debug */,
				8FF0C5C72AD89C3D007D5959 /* Release */,
			);
			defaultConfigurationIsVisible = 0;
			defaultConfigurationName = Release;
		};
		8FF0C5C82AD89C3D007D5959 /* Build configuration list for PBXNativeTarget "ArenaUITests" */ = {
			isa = XCConfigurationList;
			buildConfigurations = (
				8FF0C5C92AD89C3D007D5959 /* Debug */,
				8FF0C5CA2AD89C3D007D5959 /* Release */,
			);
			defaultConfigurationIsVisible = 0;
			defaultConfigurationName = Release;
		};
/* End XCConfigurationList section */
	};
	rootObject = 8FF0C5962AD89C3B007D5959 /* Project object */;
}
