// !$*UTF8*$!
{
	archiveVersion = 1;
	classes = {
	};
	objectVersion = 56;
	objects = {

/* Begin PBXBuildFile section */
		8F2844102AE1CF10001EE26D /* Modals in Frameworks */ = {isa = PBXBuildFile; productRef = 8F28440F2AE1CF10001EE26D /* Modals */; };
		8F2844122AE1CF1B001EE26D /* SearchView.swift in Sources */ = {isa = PBXBuildFile; fileRef = 8F2844112AE1CF1B001EE26D /* SearchView.swift */; };
		8F2844162AE1D502001EE26D /* SearchData.swift in Sources */ = {isa = PBXBuildFile; fileRef = 8F2844152AE1D502001EE26D /* SearchData.swift */; };
		8F2844192AE1FC4C001EE26D /* DebouncedOnChange in Frameworks */ = {isa = PBXBuildFile; productRef = 8F2844182AE1FC4C001EE26D /* DebouncedOnChange */; };
		8F3A8B932B06C31200FC5F6D /* EndStates.swift in Sources */ = {isa = PBXBuildFile; fileRef = 8F3A8B922B06C31200FC5F6D /* EndStates.swift */; };
		8F3A8B952B0711A000FC5F6D /* EmptyStates.swift in Sources */ = {isa = PBXBuildFile; fileRef = 8F3A8B942B0711A000FC5F6D /* EmptyStates.swift */; };
		8F3A8B972B0713F800FC5F6D /* InitialStates.swift in Sources */ = {isa = PBXBuildFile; fileRef = 8F3A8B962B0713F800FC5F6D /* InitialStates.swift */; };
		8F3A8B9A2B07B32500FC5F6D /* RiveRuntime in Frameworks */ = {isa = PBXBuildFile; productRef = 8F3A8B992B07B32500FC5F6D /* RiveRuntime */; };
		8F3A8BA32B07BDD000FC5F6D /* pinned-channels-demo.riv in Resources */ = {isa = PBXBuildFile; fileRef = 8F3A8BA22B07BDD000FC5F6D /* pinned-channels-demo.riv */; };
		8F3A8BA52B07BDD900FC5F6D /* pinned-channels-initial-dark.riv in Resources */ = {isa = PBXBuildFile; fileRef = 8F3A8BA42B07BDD900FC5F6D /* pinned-channels-initial-dark.riv */; };
		8F3A8BA72B07BFC700FC5F6D /* pinned-channels-initial-light.riv in Resources */ = {isa = PBXBuildFile; fileRef = 8F3A8BA62B07BFC700FC5F6D /* pinned-channels-initial-light.riv */; };
		8F40195B2AFE745B003AED4E /* Pow in Frameworks */ = {isa = PBXBuildFile; productRef = 8F40195A2AFE745B003AED4E /* Pow */; };
		8F566D122B01CA0200A58102 /* SmoothGradient in Frameworks */ = {isa = PBXBuildFile; productRef = 8F566D112B01CA0200A58102 /* SmoothGradient */; };
		8F5E3F302B049F3700C2B46E /* BackButton.swift in Sources */ = {isa = PBXBuildFile; fileRef = 8F5E3F2F2B049F3700C2B46E /* BackButton.swift */; };
		8F60D5CF2AFFDBAF00DB3D78 /* PinchToZoom.swift in Sources */ = {isa = PBXBuildFile; fileRef = 8F60D5CE2AFFDBAF00DB3D78 /* PinchToZoom.swift */; };
		8F60D5D12B0057CE00DB3D78 /* UserView.swift in Sources */ = {isa = PBXBuildFile; fileRef = 8F60D5D02B0057CE00DB3D78 /* UserView.swift */; };
		8F60D5D42B009D2300DB3D78 /* StatefulTabView in Frameworks */ = {isa = PBXBuildFile; productRef = 8F60D5D32B009D2300DB3D78 /* StatefulTabView */; };
		8F6B061C2AE41C4000EEDE9C /* SingleBlockView.swift in Sources */ = {isa = PBXBuildFile; fileRef = 8F6B061B2AE41C4000EEDE9C /* SingleBlockView.swift */; };
		8F6B061E2AE4281800EEDE9C /* DataView.swift in Sources */ = {isa = PBXBuildFile; fileRef = 8F6B061D2AE4281800EEDE9C /* DataView.swift */; };
		8F6B06202AE4A60F00EEDE9C /* ProfilePic.swift in Sources */ = {isa = PBXBuildFile; fileRef = 8F6B061F2AE4A60F00EEDE9C /* ProfilePic.swift */; };
		8F6B06232AE4A9EF00EEDE9C /* Giffy in Frameworks */ = {isa = PBXBuildFile; productRef = 8F6B06222AE4A9EF00EEDE9C /* Giffy */; };
		8F6B06252AE4B0A100EEDE9C /* ImagePreview.swift in Sources */ = {isa = PBXBuildFile; fileRef = 8F6B06242AE4B0A100EEDE9C /* ImagePreview.swift */; };
		8F6B062D2AE5A80D00EEDE9C /* ChannelContentPreview.swift in Sources */ = {isa = PBXBuildFile; fileRef = 8F6B062C2AE5A80D00EEDE9C /* ChannelContentPreview.swift */; };
		8F6B062F2AE5ABE800EEDE9C /* LoadingSpinner.swift in Sources */ = {isa = PBXBuildFile; fileRef = 8F6B062E2AE5ABE800EEDE9C /* LoadingSpinner.swift */; };
		8F6B06312AE5ACC500EEDE9C /* ChannelCardContentPreview.swift in Sources */ = {isa = PBXBuildFile; fileRef = 8F6B06302AE5ACC500EEDE9C /* ChannelCardContentPreview.swift */; };
		8F6B06342AE5B87400EEDE9C /* ChannelCard.swift in Sources */ = {isa = PBXBuildFile; fileRef = 8F6B06332AE5B87400EEDE9C /* ChannelCard.swift */; };
		8F6B06362AE5C32A00EEDE9C /* DelayAppearanceModifier.swift in Sources */ = {isa = PBXBuildFile; fileRef = 8F6B06352AE5C32A00EEDE9C /* DelayAppearanceModifier.swift */; };
		8F7A03E72AE5EC9F005C4096 /* ProfileView.swift in Sources */ = {isa = PBXBuildFile; fileRef = 8F7A03E62AE5EC9F005C4096 /* ProfileView.swift */; };
		8F7A03E92AE6C5A0005C4096 /* OnBecomingVisible.swift in Sources */ = {isa = PBXBuildFile; fileRef = 8F7A03E82AE6C5A0005C4096 /* OnBecomingVisible.swift */; };
		8F840B8A2B066D2800B17F31 /* ChangeAppIconView.swift in Sources */ = {isa = PBXBuildFile; fileRef = 8F840B892B066D2800B17F31 /* ChangeAppIconView.swift */; };
		8F8542732AFEF77F0078E82C /* UserData.swift in Sources */ = {isa = PBXBuildFile; fileRef = 8F8542722AFEF77F0078E82C /* UserData.swift */; };
		8F8542762AFF14340078E82C /* Defaults in Frameworks */ = {isa = PBXBuildFile; productRef = 8F8542752AFF14340078E82C /* Defaults */; };
		8F8542782AFF15C20078E82C /* PinnedChannelsData.swift in Sources */ = {isa = PBXBuildFile; fileRef = 8F8542772AFF15C20078E82C /* PinnedChannelsData.swift */; };
		8FB168AF2AD9BCE200426906 /* FullArenaModel.swift in Sources */ = {isa = PBXBuildFile; fileRef = 8FB168AE2AD9BCE200426906 /* FullArenaModel.swift */; };
		8FB168B32ADA192000426906 /* ArenaSampleData.swift in Sources */ = {isa = PBXBuildFile; fileRef = 8FB168B22ADA192000426906 /* ArenaSampleData.swift */; };
		8FB168B52ADA53DF00426906 /* ChannelData.swift in Sources */ = {isa = PBXBuildFile; fileRef = 8FB168B42ADA53DF00426906 /* ChannelData.swift */; };
		8FB168B72ADA565D00426906 /* ChannelView.swift in Sources */ = {isa = PBXBuildFile; fileRef = 8FB168B62ADA565D00426906 /* ChannelView.swift */; };
		8FB168B92ADA5C3B00426906 /* BlockView.swift in Sources */ = {isa = PBXBuildFile; fileRef = 8FB168B82ADA5C3B00426906 /* BlockView.swift */; };
		8FD7E3F02ADADF9000A15E16 /* BlockData.swift in Sources */ = {isa = PBXBuildFile; fileRef = 8FD7E3EF2ADADF9000A15E16 /* BlockData.swift */; };
		8FD7E3F32ADB6EEC00A15E16 /* BlockPreviews.swift in Sources */ = {isa = PBXBuildFile; fileRef = 8FD7E3F22ADB6EEC00A15E16 /* BlockPreviews.swift */; };
		8FE584742AFDCCC600828308 /* Shimmer in Frameworks */ = {isa = PBXBuildFile; productRef = 8FE584732AFDCCC600828308 /* Shimmer */; };
		8FF0C5A22AD89C3B007D5959 /* ArenaApp.swift in Sources */ = {isa = PBXBuildFile; fileRef = 8FF0C5A12AD89C3B007D5959 /* ArenaApp.swift */; };
		8FF0C5A42AD89C3B007D5959 /* ArenaView.swift in Sources */ = {isa = PBXBuildFile; fileRef = 8FF0C5A32AD89C3B007D5959 /* ArenaView.swift */; };
		8FF0C5A62AD89C3D007D5959 /* Assets.xcassets in Resources */ = {isa = PBXBuildFile; fileRef = 8FF0C5A52AD89C3D007D5959 /* Assets.xcassets */; };
		8FF0C5A92AD89C3D007D5959 /* Preview Assets.xcassets in Resources */ = {isa = PBXBuildFile; fileRef = 8FF0C5A82AD89C3D007D5959 /* Preview Assets.xcassets */; };
		8FF0C5B32AD89C3D007D5959 /* ArenaTests.swift in Sources */ = {isa = PBXBuildFile; fileRef = 8FF0C5B22AD89C3D007D5959 /* ArenaTests.swift */; };
		8FF0C5BD2AD89C3D007D5959 /* ArenaUITests.swift in Sources */ = {isa = PBXBuildFile; fileRef = 8FF0C5BC2AD89C3D007D5959 /* ArenaUITests.swift */; };
		8FF0C5BF2AD89C3D007D5959 /* ArenaUITestsLaunchTests.swift in Sources */ = {isa = PBXBuildFile; fileRef = 8FF0C5BE2AD89C3D007D5959 /* ArenaUITestsLaunchTests.swift */; };
		8FF0C5CC2AD8C09F007D5959 /* ChannelsData.swift in Sources */ = {isa = PBXBuildFile; fileRef = 8FF0C5CB2AD8C09F007D5959 /* ChannelsData.swift */; };
		8FF0C5CE2AD8C40E007D5959 /* ArenaModels.swift in Sources */ = {isa = PBXBuildFile; fileRef = 8FF0C5CD2AD8C40E007D5959 /* ArenaModels.swift */; };
		8FF0C5D12AD8CA7D007D5959 /* PinnedChannelsView.swift in Sources */ = {isa = PBXBuildFile; fileRef = 8FF0C5D02AD8CA7D007D5959 /* PinnedChannelsView.swift */; };
		8FF1E9292ADD740A002D4B26 /* ChannelPreview.swift in Sources */ = {isa = PBXBuildFile; fileRef = 8FF1E9282ADD740A002D4B26 /* ChannelPreview.swift */; };
		8FF2954E2B03311B008520BD /* NukeUI in Frameworks */ = {isa = PBXBuildFile; productRef = 8FF2954D2B03311B008520BD /* NukeUI */; };
		8FF510D22AE6CD8100E2EC03 /* ExploreView.swift in Sources */ = {isa = PBXBuildFile; fileRef = 8FF510D12AE6CD8100E2EC03 /* ExploreView.swift */; };
		8FF6EFC02AF8921300A58631 /* TimeUtils.swift in Sources */ = {isa = PBXBuildFile; fileRef = 8FF6EFBF2AF8921200A58631 /* TimeUtils.swift */; };
		8FF6EFC32AF8953E00A58631 /* BetterSafariView in Frameworks */ = {isa = PBXBuildFile; productRef = 8FF6EFC22AF8953E00A58631 /* BetterSafariView */; };
/* End PBXBuildFile section */

/* Begin PBXContainerItemProxy section */
		8FF0C5AF2AD89C3D007D5959 /* PBXContainerItemProxy */ = {
			isa = PBXContainerItemProxy;
			containerPortal = 8FF0C5962AD89C3B007D5959 /* Project object */;
			proxyType = 1;
			remoteGlobalIDString = 8FF0C59D2AD89C3B007D5959;
			remoteInfo = Arena;
		};
		8FF0C5B92AD89C3D007D5959 /* PBXContainerItemProxy */ = {
			isa = PBXContainerItemProxy;
			containerPortal = 8FF0C5962AD89C3B007D5959 /* Project object */;
			proxyType = 1;
			remoteGlobalIDString = 8FF0C59D2AD89C3B007D5959;
			remoteInfo = Arena;
		};
/* End PBXContainerItemProxy section */

/* Begin PBXFileReference section */
		8F2844112AE1CF1B001EE26D /* SearchView.swift */ = {isa = PBXFileReference; lastKnownFileType = sourcecode.swift; path = SearchView.swift; sourceTree = "<group>"; };
		8F2844152AE1D502001EE26D /* SearchData.swift */ = {isa = PBXFileReference; lastKnownFileType = sourcecode.swift; path = SearchData.swift; sourceTree = "<group>"; };
		8F3A8B922B06C31200FC5F6D /* EndStates.swift */ = {isa = PBXFileReference; lastKnownFileType = sourcecode.swift; path = EndStates.swift; sourceTree = "<group>"; };
		8F3A8B942B0711A000FC5F6D /* EmptyStates.swift */ = {isa = PBXFileReference; lastKnownFileType = sourcecode.swift; path = EmptyStates.swift; sourceTree = "<group>"; };
		8F3A8B962B0713F800FC5F6D /* InitialStates.swift */ = {isa = PBXFileReference; lastKnownFileType = sourcecode.swift; path = InitialStates.swift; sourceTree = "<group>"; };
		8F3A8BA22B07BDD000FC5F6D /* pinned-channels-demo.riv */ = {isa = PBXFileReference; lastKnownFileType = file; name = "pinned-channels-demo.riv"; path = "../../../../pinned-channels-demo.riv"; sourceTree = "<group>"; };
		8F3A8BA42B07BDD900FC5F6D /* pinned-channels-initial-dark.riv */ = {isa = PBXFileReference; lastKnownFileType = file; name = "pinned-channels-initial-dark.riv"; path = "../../../../pinned-channels-initial-dark.riv"; sourceTree = "<group>"; };
		8F3A8BA62B07BFC700FC5F6D /* pinned-channels-initial-light.riv */ = {isa = PBXFileReference; lastKnownFileType = file; name = "pinned-channels-initial-light.riv"; path = "../../../../pinned-channels-initial-light.riv"; sourceTree = "<group>"; };
		8F5E3F2F2B049F3700C2B46E /* BackButton.swift */ = {isa = PBXFileReference; lastKnownFileType = sourcecode.swift; path = BackButton.swift; sourceTree = "<group>"; };
		8F60D5CE2AFFDBAF00DB3D78 /* PinchToZoom.swift */ = {isa = PBXFileReference; lastKnownFileType = sourcecode.swift; path = PinchToZoom.swift; sourceTree = "<group>"; };
		8F60D5D02B0057CE00DB3D78 /* UserView.swift */ = {isa = PBXFileReference; lastKnownFileType = sourcecode.swift; path = UserView.swift; sourceTree = "<group>"; };
		8F6B061B2AE41C4000EEDE9C /* SingleBlockView.swift */ = {isa = PBXFileReference; lastKnownFileType = sourcecode.swift; path = SingleBlockView.swift; sourceTree = "<group>"; };
		8F6B061D2AE4281800EEDE9C /* DataView.swift */ = {isa = PBXFileReference; lastKnownFileType = sourcecode.swift; path = DataView.swift; sourceTree = "<group>"; };
		8F6B061F2AE4A60F00EEDE9C /* ProfilePic.swift */ = {isa = PBXFileReference; lastKnownFileType = sourcecode.swift; path = ProfilePic.swift; sourceTree = "<group>"; };
		8F6B06242AE4B0A100EEDE9C /* ImagePreview.swift */ = {isa = PBXFileReference; lastKnownFileType = sourcecode.swift; path = ImagePreview.swift; sourceTree = "<group>"; };
		8F6B062C2AE5A80D00EEDE9C /* ChannelContentPreview.swift */ = {isa = PBXFileReference; lastKnownFileType = sourcecode.swift; path = ChannelContentPreview.swift; sourceTree = "<group>"; };
		8F6B062E2AE5ABE800EEDE9C /* LoadingSpinner.swift */ = {isa = PBXFileReference; lastKnownFileType = sourcecode.swift; path = LoadingSpinner.swift; sourceTree = "<group>"; };
		8F6B06302AE5ACC500EEDE9C /* ChannelCardContentPreview.swift */ = {isa = PBXFileReference; lastKnownFileType = sourcecode.swift; path = ChannelCardContentPreview.swift; sourceTree = "<group>"; };
		8F6B06332AE5B87400EEDE9C /* ChannelCard.swift */ = {isa = PBXFileReference; lastKnownFileType = sourcecode.swift; path = ChannelCard.swift; sourceTree = "<group>"; };
		8F6B06352AE5C32A00EEDE9C /* DelayAppearanceModifier.swift */ = {isa = PBXFileReference; lastKnownFileType = sourcecode.swift; path = DelayAppearanceModifier.swift; sourceTree = "<group>"; };
		8F7A03E62AE5EC9F005C4096 /* ProfileView.swift */ = {isa = PBXFileReference; lastKnownFileType = sourcecode.swift; path = ProfileView.swift; sourceTree = "<group>"; };
		8F7A03E82AE6C5A0005C4096 /* OnBecomingVisible.swift */ = {isa = PBXFileReference; lastKnownFileType = sourcecode.swift; path = OnBecomingVisible.swift; sourceTree = "<group>"; };
		8F8117472B01B22000B2280C /* StatefulTabView */ = {isa = PBXFileReference; lastKnownFileType = wrapper; name = StatefulTabView; path = ../StatefulTabView; sourceTree = "<group>"; };
		8F840B892B066D2800B17F31 /* ChangeAppIconView.swift */ = {isa = PBXFileReference; lastKnownFileType = sourcecode.swift; path = ChangeAppIconView.swift; sourceTree = "<group>"; };
		8F8542722AFEF77F0078E82C /* UserData.swift */ = {isa = PBXFileReference; lastKnownFileType = sourcecode.swift; path = UserData.swift; sourceTree = "<group>"; };
		8F8542772AFF15C20078E82C /* PinnedChannelsData.swift */ = {isa = PBXFileReference; lastKnownFileType = sourcecode.swift; path = PinnedChannelsData.swift; sourceTree = "<group>"; };
		8FB168AE2AD9BCE200426906 /* FullArenaModel.swift */ = {isa = PBXFileReference; lastKnownFileType = sourcecode.swift; path = FullArenaModel.swift; sourceTree = "<group>"; };
		8FB168B12AD9C8AA00426906 /* README.md */ = {isa = PBXFileReference; lastKnownFileType = net.daringfireball.markdown; path = README.md; sourceTree = "<group>"; };
		8FB168B22ADA192000426906 /* ArenaSampleData.swift */ = {isa = PBXFileReference; lastKnownFileType = sourcecode.swift; path = ArenaSampleData.swift; sourceTree = "<group>"; };
		8FB168B42ADA53DF00426906 /* ChannelData.swift */ = {isa = PBXFileReference; lastKnownFileType = sourcecode.swift; path = ChannelData.swift; sourceTree = "<group>"; };
		8FB168B62ADA565D00426906 /* ChannelView.swift */ = {isa = PBXFileReference; lastKnownFileType = sourcecode.swift; path = ChannelView.swift; sourceTree = "<group>"; };
		8FB168B82ADA5C3B00426906 /* BlockView.swift */ = {isa = PBXFileReference; lastKnownFileType = sourcecode.swift; path = BlockView.swift; sourceTree = "<group>"; };
		8FD7E3EF2ADADF9000A15E16 /* BlockData.swift */ = {isa = PBXFileReference; lastKnownFileType = sourcecode.swift; path = BlockData.swift; sourceTree = "<group>"; };
		8FD7E3F22ADB6EEC00A15E16 /* BlockPreviews.swift */ = {isa = PBXFileReference; lastKnownFileType = sourcecode.swift; path = BlockPreviews.swift; sourceTree = "<group>"; };
		8FF0C59E2AD89C3B007D5959 /* Arena.app */ = {isa = PBXFileReference; explicitFileType = wrapper.application; includeInIndex = 0; path = Arena.app; sourceTree = BUILT_PRODUCTS_DIR; };
		8FF0C5A12AD89C3B007D5959 /* ArenaApp.swift */ = {isa = PBXFileReference; lastKnownFileType = sourcecode.swift; path = ArenaApp.swift; sourceTree = "<group>"; };
		8FF0C5A32AD89C3B007D5959 /* ArenaView.swift */ = {isa = PBXFileReference; lastKnownFileType = sourcecode.swift; path = ArenaView.swift; sourceTree = "<group>"; };
		8FF0C5A52AD89C3D007D5959 /* Assets.xcassets */ = {isa = PBXFileReference; lastKnownFileType = folder.assetcatalog; path = Assets.xcassets; sourceTree = "<group>"; };
		8FF0C5A82AD89C3D007D5959 /* Preview Assets.xcassets */ = {isa = PBXFileReference; lastKnownFileType = folder.assetcatalog; path = "Preview Assets.xcassets"; sourceTree = "<group>"; };
		8FF0C5AE2AD89C3D007D5959 /* ArenaTests.xctest */ = {isa = PBXFileReference; explicitFileType = wrapper.cfbundle; includeInIndex = 0; path = ArenaTests.xctest; sourceTree = BUILT_PRODUCTS_DIR; };
		8FF0C5B22AD89C3D007D5959 /* ArenaTests.swift */ = {isa = PBXFileReference; lastKnownFileType = sourcecode.swift; path = ArenaTests.swift; sourceTree = "<group>"; };
		8FF0C5B82AD89C3D007D5959 /* ArenaUITests.xctest */ = {isa = PBXFileReference; explicitFileType = wrapper.cfbundle; includeInIndex = 0; path = ArenaUITests.xctest; sourceTree = BUILT_PRODUCTS_DIR; };
		8FF0C5BC2AD89C3D007D5959 /* ArenaUITests.swift */ = {isa = PBXFileReference; lastKnownFileType = sourcecode.swift; path = ArenaUITests.swift; sourceTree = "<group>"; };
		8FF0C5BE2AD89C3D007D5959 /* ArenaUITestsLaunchTests.swift */ = {isa = PBXFileReference; lastKnownFileType = sourcecode.swift; path = ArenaUITestsLaunchTests.swift; sourceTree = "<group>"; };
		8FF0C5CB2AD8C09F007D5959 /* ChannelsData.swift */ = {isa = PBXFileReference; lastKnownFileType = sourcecode.swift; path = ChannelsData.swift; sourceTree = "<group>"; };
		8FF0C5CD2AD8C40E007D5959 /* ArenaModels.swift */ = {isa = PBXFileReference; lastKnownFileType = sourcecode.swift; path = ArenaModels.swift; sourceTree = "<group>"; };
		8FF0C5D02AD8CA7D007D5959 /* PinnedChannelsView.swift */ = {isa = PBXFileReference; lastKnownFileType = sourcecode.swift; path = PinnedChannelsView.swift; sourceTree = "<group>"; };
		8FF0C5D22AD8CBBF007D5959 /* Info.plist */ = {isa = PBXFileReference; lastKnownFileType = text.plist; path = Info.plist; sourceTree = "<group>"; };
		8FF1E9282ADD740A002D4B26 /* ChannelPreview.swift */ = {isa = PBXFileReference; lastKnownFileType = sourcecode.swift; path = ChannelPreview.swift; sourceTree = "<group>"; };
		8FF510D12AE6CD8100E2EC03 /* ExploreView.swift */ = {isa = PBXFileReference; lastKnownFileType = sourcecode.swift; path = ExploreView.swift; sourceTree = "<group>"; };
		8FF6EFBF2AF8921200A58631 /* TimeUtils.swift */ = {isa = PBXFileReference; lastKnownFileType = sourcecode.swift; path = TimeUtils.swift; sourceTree = "<group>"; };
/* End PBXFileReference section */

/* Begin PBXFrameworksBuildPhase section */
		8FF0C59B2AD89C3B007D5959 /* Frameworks */ = {
			isa = PBXFrameworksBuildPhase;
			buildActionMask = 2147483647;
			files = (
				8F40195B2AFE745B003AED4E /* Pow in Frameworks */,
				8F2844192AE1FC4C001EE26D /* DebouncedOnChange in Frameworks */,
				8FF2954E2B03311B008520BD /* NukeUI in Frameworks */,
				8F3A8B9A2B07B32500FC5F6D /* RiveRuntime in Frameworks */,
				8F6B06232AE4A9EF00EEDE9C /* Giffy in Frameworks */,
				8F8542762AFF14340078E82C /* Defaults in Frameworks */,
				8F2844102AE1CF10001EE26D /* Modals in Frameworks */,
				8FE584742AFDCCC600828308 /* Shimmer in Frameworks */,
				8F60D5D42B009D2300DB3D78 /* StatefulTabView in Frameworks */,
				8FF6EFC32AF8953E00A58631 /* BetterSafariView in Frameworks */,
				8F566D122B01CA0200A58102 /* SmoothGradient in Frameworks */,
			);
			runOnlyForDeploymentPostprocessing = 0;
		};
		8FF0C5AB2AD89C3D007D5959 /* Frameworks */ = {
			isa = PBXFrameworksBuildPhase;
			buildActionMask = 2147483647;
			files = (
			);
			runOnlyForDeploymentPostprocessing = 0;
		};
		8FF0C5B52AD89C3D007D5959 /* Frameworks */ = {
			isa = PBXFrameworksBuildPhase;
			buildActionMask = 2147483647;
			files = (
			);
			runOnlyForDeploymentPostprocessing = 0;
		};
/* End PBXFrameworksBuildPhase section */

/* Begin PBXGroup section */
		8F3A8B912B06C30700FC5F6D /* States */ = {
			isa = PBXGroup;
			children = (
				8F3A8B922B06C31200FC5F6D /* EndStates.swift */,
				8F3A8B942B0711A000FC5F6D /* EmptyStates.swift */,
				8F3A8B962B0713F800FC5F6D /* InitialStates.swift */,
			);
			path = States;
			sourceTree = "<group>";
		};
		8F3A8B9B2B07B46900FC5F6D /* Rive */ = {
			isa = PBXGroup;
			children = (
				8F3A8BA62B07BFC700FC5F6D /* pinned-channels-initial-light.riv */,
				8F3A8BA42B07BDD900FC5F6D /* pinned-channels-initial-dark.riv */,
				8F3A8BA22B07BDD000FC5F6D /* pinned-channels-demo.riv */,
			);
			path = Rive;
			sourceTree = "<group>";
		};
		8F6B06322AE5AE5000EEDE9C /* Modifiers */ = {
			isa = PBXGroup;
			children = (
				8F6B06352AE5C32A00EEDE9C /* DelayAppearanceModifier.swift */,
				8F7A03E82AE6C5A0005C4096 /* OnBecomingVisible.swift */,
			);
			path = Modifiers;
			sourceTree = "<group>";
		};
		8FB168B02AD9BD0800426906 /* ArenaArchive */ = {
			isa = PBXGroup;
			children = (
				8FB168AE2AD9BCE200426906 /* FullArenaModel.swift */,
			);
			path = ArenaArchive;
			sourceTree = "<group>";
		};
		8FD7E3F12ADB6ED200A15E16 /* Components */ = {
			isa = PBXGroup;
			children = (
				8F3A8B912B06C30700FC5F6D /* States */,
				8F6B061F2AE4A60F00EEDE9C /* ProfilePic.swift */,
				8F6B06242AE4B0A100EEDE9C /* ImagePreview.swift */,
				8FD7E3F22ADB6EEC00A15E16 /* BlockPreviews.swift */,
				8F6B06332AE5B87400EEDE9C /* ChannelCard.swift */,
				8FF1E9282ADD740A002D4B26 /* ChannelPreview.swift */,
				8F6B062C2AE5A80D00EEDE9C /* ChannelContentPreview.swift */,
				8F6B06302AE5ACC500EEDE9C /* ChannelCardContentPreview.swift */,
				8F6B062E2AE5ABE800EEDE9C /* LoadingSpinner.swift */,
				8F5E3F2F2B049F3700C2B46E /* BackButton.swift */,
			);
			path = Components;
			sourceTree = "<group>";
		};
		8FD7E3F42ADB6F0A00A15E16 /* Models */ = {
			isa = PBXGroup;
			children = (
				8FF0C5CD2AD8C40E007D5959 /* ArenaModels.swift */,
				8FB168B22ADA192000426906 /* ArenaSampleData.swift */,
			);
			path = Models;
			sourceTree = "<group>";
		};
		8FD7E3F52ADB6FC300A15E16 /* Data */ = {
			isa = PBXGroup;
			children = (
				8F8542772AFF15C20078E82C /* PinnedChannelsData.swift */,
				8FF0C5CB2AD8C09F007D5959 /* ChannelsData.swift */,
				8FB168B42ADA53DF00426906 /* ChannelData.swift */,
				8F2844152AE1D502001EE26D /* SearchData.swift */,
				8FD7E3EF2ADADF9000A15E16 /* BlockData.swift */,
				8F8542722AFEF77F0078E82C /* UserData.swift */,
			);
			path = Data;
			sourceTree = "<group>";
		};
		8FF0C5952AD89C3B007D5959 = {
			isa = PBXGroup;
			children = (
				8F8117472B01B22000B2280C /* StatefulTabView */,
				8FF0C5A02AD89C3B007D5959 /* Arena */,
				8FF0C5B12AD89C3D007D5959 /* ArenaTests */,
				8FF0C5BB2AD89C3D007D5959 /* ArenaUITests */,
				8FB168B02AD9BD0800426906 /* ArenaArchive */,
				8FB168B12AD9C8AA00426906 /* README.md */,
				8FF0C59F2AD89C3B007D5959 /* Products */,
				8FF2954C2B03311A008520BD /* Frameworks */,
			);
			sourceTree = "<group>";
		};
		8FF0C59F2AD89C3B007D5959 /* Products */ = {
			isa = PBXGroup;
			children = (
				8FF0C59E2AD89C3B007D5959 /* Arena.app */,
				8FF0C5AE2AD89C3D007D5959 /* ArenaTests.xctest */,
				8FF0C5B82AD89C3D007D5959 /* ArenaUITests.xctest */,
			);
			name = Products;
			sourceTree = "<group>";
		};
		8FF0C5A02AD89C3B007D5959 /* Arena */ = {
			isa = PBXGroup;
			children = (
				8F3A8B9B2B07B46900FC5F6D /* Rive */,
				8FF0C5D22AD8CBBF007D5959 /* Info.plist */,
				8FF0C5CF2AD8CA6F007D5959 /* Views */,
				8FD7E3F12ADB6ED200A15E16 /* Components */,
				8F6B06322AE5AE5000EEDE9C /* Modifiers */,
				8FD7E3F42ADB6F0A00A15E16 /* Models */,
				8FD7E3F52ADB6FC300A15E16 /* Data */,
				8FF6EFBE2AF891FE00A58631 /* Utils */,
				8FF0C5A12AD89C3B007D5959 /* ArenaApp.swift */,
				8FF0C5A32AD89C3B007D5959 /* ArenaView.swift */,
				8FF0C5A52AD89C3D007D5959 /* Assets.xcassets */,
				8FF0C5A72AD89C3D007D5959 /* Preview Content */,
			);
			path = Arena;
			sourceTree = "<group>";
		};
		8FF0C5A72AD89C3D007D5959 /* Preview Content */ = {
			isa = PBXGroup;
			children = (
				8FF0C5A82AD89C3D007D5959 /* Preview Assets.xcassets */,
			);
			path = "Preview Content";
			sourceTree = "<group>";
		};
		8FF0C5B12AD89C3D007D5959 /* ArenaTests */ = {
			isa = PBXGroup;
			children = (
				8FF0C5B22AD89C3D007D5959 /* ArenaTests.swift */,
			);
			path = ArenaTests;
			sourceTree = "<group>";
		};
		8FF0C5BB2AD89C3D007D5959 /* ArenaUITests */ = {
			isa = PBXGroup;
			children = (
				8FF0C5BC2AD89C3D007D5959 /* ArenaUITests.swift */,
				8FF0C5BE2AD89C3D007D5959 /* ArenaUITestsLaunchTests.swift */,
			);
			path = ArenaUITests;
			sourceTree = "<group>";
		};
		8FF0C5CF2AD8CA6F007D5959 /* Views */ = {
			isa = PBXGroup;
			children = (
				8FF0C5D02AD8CA7D007D5959 /* PinnedChannelsView.swift */,
				8FB168B62ADA565D00426906 /* ChannelView.swift */,
				8F2844112AE1CF1B001EE26D /* SearchView.swift */,
				8FB168B82ADA5C3B00426906 /* BlockView.swift */,
				8F6B061B2AE41C4000EEDE9C /* SingleBlockView.swift */,
				8F6B061D2AE4281800EEDE9C /* DataView.swift */,
				8F7A03E62AE5EC9F005C4096 /* ProfileView.swift */,
				8FF510D12AE6CD8100E2EC03 /* ExploreView.swift */,
				8F60D5D02B0057CE00DB3D78 /* UserView.swift */,
				8F840B892B066D2800B17F31 /* ChangeAppIconView.swift */,
			);
			path = Views;
			sourceTree = "<group>";
		};
		8FF2954C2B03311A008520BD /* Frameworks */ = {
			isa = PBXGroup;
			children = (
			);
			name = Frameworks;
			sourceTree = "<group>";
		};
		8FF6EFBE2AF891FE00A58631 /* Utils */ = {
			isa = PBXGroup;
			children = (
				8FF6EFBF2AF8921200A58631 /* TimeUtils.swift */,
				8F60D5CE2AFFDBAF00DB3D78 /* PinchToZoom.swift */,
			);
			path = Utils;
			sourceTree = "<group>";
		};
/* End PBXGroup section */

/* Begin PBXNativeTarget section */
		8FF0C59D2AD89C3B007D5959 /* Arena */ = {
			isa = PBXNativeTarget;
			buildConfigurationList = 8FF0C5C22AD89C3D007D5959 /* Build configuration list for PBXNativeTarget "Arena" */;
			buildPhases = (
				8FF0C59A2AD89C3B007D5959 /* Sources */,
				8FF0C59B2AD89C3B007D5959 /* Frameworks */,
				8FF0C59C2AD89C3B007D5959 /* Resources */,
			);
			buildRules = (
			);
			dependencies = (
			);
			name = Arena;
			packageProductDependencies = (
				8F28440F2AE1CF10001EE26D /* Modals */,
				8F2844182AE1FC4C001EE26D /* DebouncedOnChange */,
				8F6B06222AE4A9EF00EEDE9C /* Giffy */,
				8FF6EFC22AF8953E00A58631 /* BetterSafariView */,
				8FE584732AFDCCC600828308 /* Shimmer */,
				8F40195A2AFE745B003AED4E /* Pow */,
				8F8542752AFF14340078E82C /* Defaults */,
				8F60D5D32B009D2300DB3D78 /* StatefulTabView */,
				8F566D112B01CA0200A58102 /* SmoothGradient */,
				8FF2954D2B03311B008520BD /* NukeUI */,
				8F3A8B992B07B32500FC5F6D /* RiveRuntime */,
			);
			productName = Arena;
			productReference = 8FF0C59E2AD89C3B007D5959 /* Arena.app */;
			productType = "com.apple.product-type.application";
		};
		8FF0C5AD2AD89C3D007D5959 /* ArenaTests */ = {
			isa = PBXNativeTarget;
			buildConfigurationList = 8FF0C5C52AD89C3D007D5959 /* Build configuration list for PBXNativeTarget "ArenaTests" */;
			buildPhases = (
				8FF0C5AA2AD89C3D007D5959 /* Sources */,
				8FF0C5AB2AD89C3D007D5959 /* Frameworks */,
				8FF0C5AC2AD89C3D007D5959 /* Resources */,
			);
			buildRules = (
			);
			dependencies = (
				8FF0C5B02AD89C3D007D5959 /* PBXTargetDependency */,
			);
			name = ArenaTests;
			productName = ArenaTests;
			productReference = 8FF0C5AE2AD89C3D007D5959 /* ArenaTests.xctest */;
			productType = "com.apple.product-type.bundle.unit-test";
		};
		8FF0C5B72AD89C3D007D5959 /* ArenaUITests */ = {
			isa = PBXNativeTarget;
			buildConfigurationList = 8FF0C5C82AD89C3D007D5959 /* Build configuration list for PBXNativeTarget "ArenaUITests" */;
			buildPhases = (
				8FF0C5B42AD89C3D007D5959 /* Sources */,
				8FF0C5B52AD89C3D007D5959 /* Frameworks */,
				8FF0C5B62AD89C3D007D5959 /* Resources */,
			);
			buildRules = (
			);
			dependencies = (
				8FF0C5BA2AD89C3D007D5959 /* PBXTargetDependency */,
			);
			name = ArenaUITests;
			productName = ArenaUITests;
			productReference = 8FF0C5B82AD89C3D007D5959 /* ArenaUITests.xctest */;
			productType = "com.apple.product-type.bundle.ui-testing";
		};
/* End PBXNativeTarget section */

/* Begin PBXProject section */
		8FF0C5962AD89C3B007D5959 /* Project object */ = {
			isa = PBXProject;
			attributes = {
				BuildIndependentTargetsInParallel = 1;
				LastSwiftUpdateCheck = 1500;
				LastUpgradeCheck = 1500;
				TargetAttributes = {
					8FF0C59D2AD89C3B007D5959 = {
						CreatedOnToolsVersion = 15.0;
					};
					8FF0C5AD2AD89C3D007D5959 = {
						CreatedOnToolsVersion = 15.0;
						TestTargetID = 8FF0C59D2AD89C3B007D5959;
					};
					8FF0C5B72AD89C3D007D5959 = {
						CreatedOnToolsVersion = 15.0;
						TestTargetID = 8FF0C59D2AD89C3B007D5959;
					};
				};
			};
			buildConfigurationList = 8FF0C5992AD89C3B007D5959 /* Build configuration list for PBXProject "Arena" */;
			compatibilityVersion = "Xcode 14.0";
			developmentRegion = en;
			hasScannedForEncodings = 0;
			knownRegions = (
				en,
				Base,
			);
			mainGroup = 8FF0C5952AD89C3B007D5959;
			packageReferences = (
				8F28440E2AE1CF10001EE26D /* XCRemoteSwiftPackageReference "Modals" */,
				8F2844172AE1FC4C001EE26D /* XCRemoteSwiftPackageReference "DebouncedOnChange" */,
				8F6B06212AE4A9EF00EEDE9C /* XCRemoteSwiftPackageReference "giffy" */,
				8FF6EFC12AF8953E00A58631 /* XCRemoteSwiftPackageReference "BetterSafariView" */,
				8FE584722AFDCCC600828308 /* XCRemoteSwiftPackageReference "SwiftUI-Shimmer" */,
				8F4019592AFE745B003AED4E /* XCRemoteSwiftPackageReference "Pow" */,
				8F8542742AFF14340078E82C /* XCRemoteSwiftPackageReference "Defaults" */,
				8F60D5D22B009D2300DB3D78 /* XCRemoteSwiftPackageReference "StatefulTabView" */,
				8F566D102B01CA0200A58102 /* XCRemoteSwiftPackageReference "SmoothGradient" */,
				8F0A4E472B032CF500CFBC59 /* XCRemoteSwiftPackageReference "Nuke" */,
				8F3A8B982B07B32500FC5F6D /* XCRemoteSwiftPackageReference "rive-ios" */,
			);
			productRefGroup = 8FF0C59F2AD89C3B007D5959 /* Products */;
			projectDirPath = "";
			projectRoot = "";
			targets = (
				8FF0C59D2AD89C3B007D5959 /* Arena */,
				8FF0C5AD2AD89C3D007D5959 /* ArenaTests */,
				8FF0C5B72AD89C3D007D5959 /* ArenaUITests */,
			);
		};
/* End PBXProject section */

/* Begin PBXResourcesBuildPhase section */
		8FF0C59C2AD89C3B007D5959 /* Resources */ = {
			isa = PBXResourcesBuildPhase;
			buildActionMask = 2147483647;
			files = (
				8F3A8BA52B07BDD900FC5F6D /* pinned-channels-initial-dark.riv in Resources */,
				8F3A8BA32B07BDD000FC5F6D /* pinned-channels-demo.riv in Resources */,
				8FF0C5A92AD89C3D007D5959 /* Preview Assets.xcassets in Resources */,
				8F3A8BA72B07BFC700FC5F6D /* pinned-channels-initial-light.riv in Resources */,
				8FF0C5A62AD89C3D007D5959 /* Assets.xcassets in Resources */,
			);
			runOnlyForDeploymentPostprocessing = 0;
		};
		8FF0C5AC2AD89C3D007D5959 /* Resources */ = {
			isa = PBXResourcesBuildPhase;
			buildActionMask = 2147483647;
			files = (
			);
			runOnlyForDeploymentPostprocessing = 0;
		};
		8FF0C5B62AD89C3D007D5959 /* Resources */ = {
			isa = PBXResourcesBuildPhase;
			buildActionMask = 2147483647;
			files = (
			);
			runOnlyForDeploymentPostprocessing = 0;
		};
/* End PBXResourcesBuildPhase section */

/* Begin PBXSourcesBuildPhase section */
		8FF0C59A2AD89C3B007D5959 /* Sources */ = {
			isa = PBXSourcesBuildPhase;
			buildActionMask = 2147483647;
			files = (
				8FF0C5A42AD89C3B007D5959 /* ArenaView.swift in Sources */,
				8FF510D22AE6CD8100E2EC03 /* ExploreView.swift in Sources */,
				8F2844122AE1CF1B001EE26D /* SearchView.swift in Sources */,
				8F6B061C2AE41C4000EEDE9C /* SingleBlockView.swift in Sources */,
				8F2844162AE1D502001EE26D /* SearchData.swift in Sources */,
				8F5E3F302B049F3700C2B46E /* BackButton.swift in Sources */,
				8F60D5CF2AFFDBAF00DB3D78 /* PinchToZoom.swift in Sources */,
				8F6B06252AE4B0A100EEDE9C /* ImagePreview.swift in Sources */,
				8FF6EFC02AF8921300A58631 /* TimeUtils.swift in Sources */,
				8F6B06342AE5B87400EEDE9C /* ChannelCard.swift in Sources */,
				8F6B062F2AE5ABE800EEDE9C /* LoadingSpinner.swift in Sources */,
				8F7A03E72AE5EC9F005C4096 /* ProfileView.swift in Sources */,
				8FB168B52ADA53DF00426906 /* ChannelData.swift in Sources */,
				8F840B8A2B066D2800B17F31 /* ChangeAppIconView.swift in Sources */,
				8F8542782AFF15C20078E82C /* PinnedChannelsData.swift in Sources */,
				8F7A03E92AE6C5A0005C4096 /* OnBecomingVisible.swift in Sources */,
				8FD7E3F32ADB6EEC00A15E16 /* BlockPreviews.swift in Sources */,
				8FD7E3F02ADADF9000A15E16 /* BlockData.swift in Sources */,
				8F6B062D2AE5A80D00EEDE9C /* ChannelContentPreview.swift in Sources */,
				8FF0C5CC2AD8C09F007D5959 /* ChannelsData.swift in Sources */,
				8F3A8B972B0713F800FC5F6D /* InitialStates.swift in Sources */,
				8FB168B72ADA565D00426906 /* ChannelView.swift in Sources */,
				8FB168AF2AD9BCE200426906 /* FullArenaModel.swift in Sources */,
				8FF1E9292ADD740A002D4B26 /* ChannelPreview.swift in Sources */,
				8F60D5D12B0057CE00DB3D78 /* UserView.swift in Sources */,
				8F6B06202AE4A60F00EEDE9C /* ProfilePic.swift in Sources */,
				8FF0C5D12AD8CA7D007D5959 /* PinnedChannelsView.swift in Sources */,
				8FB168B92ADA5C3B00426906 /* BlockView.swift in Sources */,
				8F8542732AFEF77F0078E82C /* UserData.swift in Sources */,
				8FB168B32ADA192000426906 /* ArenaSampleData.swift in Sources */,
				8F6B06312AE5ACC500EEDE9C /* ChannelCardContentPreview.swift in Sources */,
				8F6B061E2AE4281800EEDE9C /* DataView.swift in Sources */,
				8F3A8B952B0711A000FC5F6D /* EmptyStates.swift in Sources */,
				8FF0C5A22AD89C3B007D5959 /* ArenaApp.swift in Sources */,
				8F3A8B932B06C31200FC5F6D /* EndStates.swift in Sources */,
				8F6B06362AE5C32A00EEDE9C /* DelayAppearanceModifier.swift in Sources */,
				8FF0C5CE2AD8C40E007D5959 /* ArenaModels.swift in Sources */,
			);
			runOnlyForDeploymentPostprocessing = 0;
		};
		8FF0C5AA2AD89C3D007D5959 /* Sources */ = {
			isa = PBXSourcesBuildPhase;
			buildActionMask = 2147483647;
			files = (
				8FF0C5B32AD89C3D007D5959 /* ArenaTests.swift in Sources */,
			);
			runOnlyForDeploymentPostprocessing = 0;
		};
		8FF0C5B42AD89C3D007D5959 /* Sources */ = {
			isa = PBXSourcesBuildPhase;
			buildActionMask = 2147483647;
			files = (
				8FF0C5BF2AD89C3D007D5959 /* ArenaUITestsLaunchTests.swift in Sources */,
				8FF0C5BD2AD89C3D007D5959 /* ArenaUITests.swift in Sources */,
			);
			runOnlyForDeploymentPostprocessing = 0;
		};
/* End PBXSourcesBuildPhase section */

/* Begin PBXTargetDependency section */
		8FF0C5B02AD89C3D007D5959 /* PBXTargetDependency */ = {
			isa = PBXTargetDependency;
			target = 8FF0C59D2AD89C3B007D5959 /* Arena */;
			targetProxy = 8FF0C5AF2AD89C3D007D5959 /* PBXContainerItemProxy */;
		};
		8FF0C5BA2AD89C3D007D5959 /* PBXTargetDependency */ = {
			isa = PBXTargetDependency;
			target = 8FF0C59D2AD89C3B007D5959 /* Arena */;
			targetProxy = 8FF0C5B92AD89C3D007D5959 /* PBXContainerItemProxy */;
		};
/* End PBXTargetDependency section */

/* Begin XCBuildConfiguration section */
		8FF0C5C02AD89C3D007D5959 /* Debug */ = {
			isa = XCBuildConfiguration;
			buildSettings = {
				ALWAYS_SEARCH_USER_PATHS = NO;
				ASSETCATALOG_COMPILER_ALTERNATE_APPICON_NAMES = "AppIcon2 AppIcon3";
				ASSETCATALOG_COMPILER_GENERATE_SWIFT_ASSET_SYMBOL_EXTENSIONS = YES;
				ASSETCATALOG_COMPILER_INCLUDE_ALL_APPICON_ASSETS = NO;
				CLANG_ANALYZER_NONNULL = YES;
				CLANG_ANALYZER_NUMBER_OBJECT_CONVERSION = YES_AGGRESSIVE;
				CLANG_CXX_LANGUAGE_STANDARD = "gnu++20";
				CLANG_ENABLE_MODULES = YES;
				CLANG_ENABLE_OBJC_ARC = YES;
				CLANG_ENABLE_OBJC_WEAK = YES;
				CLANG_WARN_BLOCK_CAPTURE_AUTORELEASING = YES;
				CLANG_WARN_BOOL_CONVERSION = YES;
				CLANG_WARN_COMMA = YES;
				CLANG_WARN_CONSTANT_CONVERSION = YES;
				CLANG_WARN_DEPRECATED_OBJC_IMPLEMENTATIONS = YES;
				CLANG_WARN_DIRECT_OBJC_ISA_USAGE = YES_ERROR;
				CLANG_WARN_DOCUMENTATION_COMMENTS = YES;
				CLANG_WARN_EMPTY_BODY = YES;
				CLANG_WARN_ENUM_CONVERSION = YES;
				CLANG_WARN_INFINITE_RECURSION = YES;
				CLANG_WARN_INT_CONVERSION = YES;
				CLANG_WARN_NON_LITERAL_NULL_CONVERSION = YES;
				CLANG_WARN_OBJC_IMPLICIT_RETAIN_SELF = YES;
				CLANG_WARN_OBJC_LITERAL_CONVERSION = YES;
				CLANG_WARN_OBJC_ROOT_CLASS = YES_ERROR;
				CLANG_WARN_QUOTED_INCLUDE_IN_FRAMEWORK_HEADER = YES;
				CLANG_WARN_RANGE_LOOP_ANALYSIS = YES;
				CLANG_WARN_STRICT_PROTOTYPES = YES;
				CLANG_WARN_SUSPICIOUS_MOVE = YES;
				CLANG_WARN_UNGUARDED_AVAILABILITY = YES_AGGRESSIVE;
				CLANG_WARN_UNREACHABLE_CODE = YES;
				CLANG_WARN__DUPLICATE_METHOD_MATCH = YES;
				COPY_PHASE_STRIP = NO;
				DEBUG_INFORMATION_FORMAT = dwarf;
				ENABLE_STRICT_OBJC_MSGSEND = YES;
				ENABLE_TESTABILITY = YES;
				ENABLE_USER_SCRIPT_SANDBOXING = YES;
				GCC_C_LANGUAGE_STANDARD = gnu17;
				GCC_DYNAMIC_NO_PIC = NO;
				GCC_NO_COMMON_BLOCKS = YES;
				GCC_OPTIMIZATION_LEVEL = 0;
				GCC_PREPROCESSOR_DEFINITIONS = (
					"DEBUG=1",
					"$(inherited)",
				);
				GCC_WARN_64_TO_32_BIT_CONVERSION = YES;
				GCC_WARN_ABOUT_RETURN_TYPE = YES_ERROR;
				GCC_WARN_UNDECLARED_SELECTOR = YES;
				GCC_WARN_UNINITIALIZED_AUTOS = YES_AGGRESSIVE;
				GCC_WARN_UNUSED_FUNCTION = YES;
				GCC_WARN_UNUSED_VARIABLE = YES;
				IPHONEOS_DEPLOYMENT_TARGET = 17.0;
				LOCALIZATION_PREFERS_STRING_CATALOGS = YES;
				MTL_ENABLE_DEBUG_INFO = INCLUDE_SOURCE;
				MTL_FAST_MATH = YES;
				ONLY_ACTIVE_ARCH = YES;
				SDKROOT = iphoneos;
				SWIFT_ACTIVE_COMPILATION_CONDITIONS = "DEBUG $(inherited)";
				SWIFT_OPTIMIZATION_LEVEL = "-Onone";
			};
			name = Debug;
		};
		8FF0C5C12AD89C3D007D5959 /* Release */ = {
			isa = XCBuildConfiguration;
			buildSettings = {
				ALWAYS_SEARCH_USER_PATHS = NO;
				ASSETCATALOG_COMPILER_ALTERNATE_APPICON_NAMES = "AppIcon2 AppIcon3";
				ASSETCATALOG_COMPILER_GENERATE_SWIFT_ASSET_SYMBOL_EXTENSIONS = YES;
				ASSETCATALOG_COMPILER_INCLUDE_ALL_APPICON_ASSETS = NO;
				CLANG_ANALYZER_NONNULL = YES;
				CLANG_ANALYZER_NUMBER_OBJECT_CONVERSION = YES_AGGRESSIVE;
				CLANG_CXX_LANGUAGE_STANDARD = "gnu++20";
				CLANG_ENABLE_MODULES = YES;
				CLANG_ENABLE_OBJC_ARC = YES;
				CLANG_ENABLE_OBJC_WEAK = YES;
				CLANG_WARN_BLOCK_CAPTURE_AUTORELEASING = YES;
				CLANG_WARN_BOOL_CONVERSION = YES;
				CLANG_WARN_COMMA = YES;
				CLANG_WARN_CONSTANT_CONVERSION = YES;
				CLANG_WARN_DEPRECATED_OBJC_IMPLEMENTATIONS = YES;
				CLANG_WARN_DIRECT_OBJC_ISA_USAGE = YES_ERROR;
				CLANG_WARN_DOCUMENTATION_COMMENTS = YES;
				CLANG_WARN_EMPTY_BODY = YES;
				CLANG_WARN_ENUM_CONVERSION = YES;
				CLANG_WARN_INFINITE_RECURSION = YES;
				CLANG_WARN_INT_CONVERSION = YES;
				CLANG_WARN_NON_LITERAL_NULL_CONVERSION = YES;
				CLANG_WARN_OBJC_IMPLICIT_RETAIN_SELF = YES;
				CLANG_WARN_OBJC_LITERAL_CONVERSION = YES;
				CLANG_WARN_OBJC_ROOT_CLASS = YES_ERROR;
				CLANG_WARN_QUOTED_INCLUDE_IN_FRAMEWORK_HEADER = YES;
				CLANG_WARN_RANGE_LOOP_ANALYSIS = YES;
				CLANG_WARN_STRICT_PROTOTYPES = YES;
				CLANG_WARN_SUSPICIOUS_MOVE = YES;
				CLANG_WARN_UNGUARDED_AVAILABILITY = YES_AGGRESSIVE;
				CLANG_WARN_UNREACHABLE_CODE = YES;
				CLANG_WARN__DUPLICATE_METHOD_MATCH = YES;
				COPY_PHASE_STRIP = NO;
				DEBUG_INFORMATION_FORMAT = "dwarf-with-dsym";
				ENABLE_NS_ASSERTIONS = NO;
				ENABLE_STRICT_OBJC_MSGSEND = YES;
				ENABLE_USER_SCRIPT_SANDBOXING = YES;
				GCC_C_LANGUAGE_STANDARD = gnu17;
				GCC_NO_COMMON_BLOCKS = YES;
				GCC_WARN_64_TO_32_BIT_CONVERSION = YES;
				GCC_WARN_ABOUT_RETURN_TYPE = YES_ERROR;
				GCC_WARN_UNDECLARED_SELECTOR = YES;
				GCC_WARN_UNINITIALIZED_AUTOS = YES_AGGRESSIVE;
				GCC_WARN_UNUSED_FUNCTION = YES;
				GCC_WARN_UNUSED_VARIABLE = YES;
				IPHONEOS_DEPLOYMENT_TARGET = 17.0;
				LOCALIZATION_PREFERS_STRING_CATALOGS = YES;
				MTL_ENABLE_DEBUG_INFO = NO;
				MTL_FAST_MATH = YES;
				SDKROOT = iphoneos;
				SWIFT_COMPILATION_MODE = wholemodule;
				VALIDATE_PRODUCT = YES;
			};
			name = Release;
		};
		8FF0C5C32AD89C3D007D5959 /* Debug */ = {
			isa = XCBuildConfiguration;
			buildSettings = {
				ASSETCATALOG_COMPILER_APPICON_NAME = AppIcon;
				ASSETCATALOG_COMPILER_GLOBAL_ACCENT_COLOR_NAME = AccentColor;
				CODE_SIGN_STYLE = Automatic;
				CURRENT_PROJECT_VERSION = 1;
				DEVELOPMENT_ASSET_PATHS = "\"Arena/Preview Content\"";
				DEVELOPMENT_TEAM = 5T685YSQDF;
				ENABLE_PREVIEWS = YES;
				GENERATE_INFOPLIST_FILE = YES;
				INFOPLIST_FILE = Arena/Info.plist;
				INFOPLIST_KEY_UIApplicationSceneManifest_Generation = YES;
				INFOPLIST_KEY_UIApplicationSupportsIndirectInputEvents = YES;
				INFOPLIST_KEY_UILaunchScreen_Generation = YES;
				INFOPLIST_KEY_UISupportedInterfaceOrientations_iPad = "UIInterfaceOrientationPortrait UIInterfaceOrientationPortraitUpsideDown UIInterfaceOrientationLandscapeLeft UIInterfaceOrientationLandscapeRight";
				INFOPLIST_KEY_UISupportedInterfaceOrientations_iPhone = UIInterfaceOrientationPortrait;
				LD_RUNPATH_SEARCH_PATHS = (
					"$(inherited)",
					"@executable_path/Frameworks",
				);
				MARKETING_VERSION = 1.0;
				PRODUCT_BUNDLE_IDENTIFIER = com.childrenofthesun.Arena;
				PRODUCT_NAME = "$(TARGET_NAME)";
				SWIFT_EMIT_LOC_STRINGS = YES;
				SWIFT_VERSION = 5.0;
				TARGETED_DEVICE_FAMILY = "1,2";
			};
			name = Debug;
		};
		8FF0C5C42AD89C3D007D5959 /* Release */ = {
			isa = XCBuildConfiguration;
			buildSettings = {
				ASSETCATALOG_COMPILER_APPICON_NAME = AppIcon;
				ASSETCATALOG_COMPILER_GLOBAL_ACCENT_COLOR_NAME = AccentColor;
				CODE_SIGN_STYLE = Automatic;
				CURRENT_PROJECT_VERSION = 1;
				DEVELOPMENT_ASSET_PATHS = "\"Arena/Preview Content\"";
				DEVELOPMENT_TEAM = 5T685YSQDF;
				ENABLE_PREVIEWS = YES;
				GENERATE_INFOPLIST_FILE = YES;
				INFOPLIST_FILE = Arena/Info.plist;
				INFOPLIST_KEY_UIApplicationSceneManifest_Generation = YES;
				INFOPLIST_KEY_UIApplicationSupportsIndirectInputEvents = YES;
				INFOPLIST_KEY_UILaunchScreen_Generation = YES;
				INFOPLIST_KEY_UISupportedInterfaceOrientations_iPad = "UIInterfaceOrientationPortrait UIInterfaceOrientationPortraitUpsideDown UIInterfaceOrientationLandscapeLeft UIInterfaceOrientationLandscapeRight";
				INFOPLIST_KEY_UISupportedInterfaceOrientations_iPhone = UIInterfaceOrientationPortrait;
				LD_RUNPATH_SEARCH_PATHS = (
					"$(inherited)",
					"@executable_path/Frameworks",
				);
				MARKETING_VERSION = 1.0;
				PRODUCT_BUNDLE_IDENTIFIER = com.childrenofthesun.Arena;
				PRODUCT_NAME = "$(TARGET_NAME)";
				SWIFT_EMIT_LOC_STRINGS = YES;
				SWIFT_VERSION = 5.0;
				TARGETED_DEVICE_FAMILY = "1,2";
			};
			name = Release;
		};
		8FF0C5C62AD89C3D007D5959 /* Debug */ = {
			isa = XCBuildConfiguration;
			buildSettings = {
				ALWAYS_EMBED_SWIFT_STANDARD_LIBRARIES = YES;
				BUNDLE_LOADER = "$(TEST_HOST)";
				"CODE_SIGN_IDENTITY[sdk=macosx*]" = "Apple Development";
				CODE_SIGN_STYLE = Automatic;
				CURRENT_PROJECT_VERSION = 1;
				DEVELOPMENT_TEAM = 5T685YSQDF;
				GENERATE_INFOPLIST_FILE = YES;
				IPHONEOS_DEPLOYMENT_TARGET = 17.0;
				MARKETING_VERSION = 1.0;
				PRODUCT_BUNDLE_IDENTIFIER = com.childrenofthesun.ArenaTests;
				PRODUCT_NAME = "$(TARGET_NAME)";
				SWIFT_EMIT_LOC_STRINGS = NO;
				SWIFT_VERSION = 5.0;
				TARGETED_DEVICE_FAMILY = "1,2";
				TEST_HOST = "$(BUILT_PRODUCTS_DIR)/Arena.app/$(BUNDLE_EXECUTABLE_FOLDER_PATH)/Arena";
			};
			name = Debug;
		};
		8FF0C5C72AD89C3D007D5959 /* Release */ = {
			isa = XCBuildConfiguration;
			buildSettings = {
				ALWAYS_EMBED_SWIFT_STANDARD_LIBRARIES = YES;
				BUNDLE_LOADER = "$(TEST_HOST)";
				"CODE_SIGN_IDENTITY[sdk=macosx*]" = "Apple Development";
				CODE_SIGN_STYLE = Automatic;
				CURRENT_PROJECT_VERSION = 1;
				DEVELOPMENT_TEAM = 5T685YSQDF;
				GENERATE_INFOPLIST_FILE = YES;
				IPHONEOS_DEPLOYMENT_TARGET = 17.0;
				MARKETING_VERSION = 1.0;
				PRODUCT_BUNDLE_IDENTIFIER = com.childrenofthesun.ArenaTests;
				PRODUCT_NAME = "$(TARGET_NAME)";
				SWIFT_EMIT_LOC_STRINGS = NO;
				SWIFT_VERSION = 5.0;
				TARGETED_DEVICE_FAMILY = "1,2";
				TEST_HOST = "$(BUILT_PRODUCTS_DIR)/Arena.app/$(BUNDLE_EXECUTABLE_FOLDER_PATH)/Arena";
			};
			name = Release;
		};
		8FF0C5C92AD89C3D007D5959 /* Debug */ = {
			isa = XCBuildConfiguration;
			buildSettings = {
				ALWAYS_EMBED_SWIFT_STANDARD_LIBRARIES = YES;
				CODE_SIGN_STYLE = Automatic;
				CURRENT_PROJECT_VERSION = 1;
				GENERATE_INFOPLIST_FILE = YES;
				MARKETING_VERSION = 1.0;
				PRODUCT_BUNDLE_IDENTIFIER = com.childrenofthesun.ArenaUITests;
				PRODUCT_NAME = "$(TARGET_NAME)";
				SWIFT_EMIT_LOC_STRINGS = NO;
				SWIFT_VERSION = 5.0;
				TARGETED_DEVICE_FAMILY = "1,2";
				TEST_TARGET_NAME = Arena;
			};
			name = Debug;
		};
		8FF0C5CA2AD89C3D007D5959 /* Release */ = {
			isa = XCBuildConfiguration;
			buildSettings = {
				ALWAYS_EMBED_SWIFT_STANDARD_LIBRARIES = YES;
				CODE_SIGN_STYLE = Automatic;
				CURRENT_PROJECT_VERSION = 1;
				GENERATE_INFOPLIST_FILE = YES;
				MARKETING_VERSION = 1.0;
				PRODUCT_BUNDLE_IDENTIFIER = com.childrenofthesun.ArenaUITests;
				PRODUCT_NAME = "$(TARGET_NAME)";
				SWIFT_EMIT_LOC_STRINGS = NO;
				SWIFT_VERSION = 5.0;
				TARGETED_DEVICE_FAMILY = "1,2";
				TEST_TARGET_NAME = Arena;
			};
			name = Release;
		};
/* End XCBuildConfiguration section */

/* Begin XCConfigurationList section */
		8FF0C5992AD89C3B007D5959 /* Build configuration list for PBXProject "Arena" */ = {
			isa = XCConfigurationList;
			buildConfigurations = (
				8FF0C5C02AD89C3D007D5959 /* Debug */,
				8FF0C5C12AD89C3D007D5959 /* Release */,
			);
			defaultConfigurationIsVisible = 0;
			defaultConfigurationName = Release;
		};
		8FF0C5C22AD89C3D007D5959 /* Build configuration list for PBXNativeTarget "Arena" */ = {
			isa = XCConfigurationList;
			buildConfigurations = (
				8FF0C5C32AD89C3D007D5959 /* Debug */,
				8FF0C5C42AD89C3D007D5959 /* Release */,
			);
			defaultConfigurationIsVisible = 0;
			defaultConfigurationName = Release;
		};
		8FF0C5C52AD89C3D007D5959 /* Build configuration list for PBXNativeTarget "ArenaTests" */ = {
			isa = XCConfigurationList;
			buildConfigurations = (
				8FF0C5C62AD89C3D007D5959 /* Debug */,
				8FF0C5C72AD89C3D007D5959 /* Release */,
			);
			defaultConfigurationIsVisible = 0;
			defaultConfigurationName = Release;
		};
		8FF0C5C82AD89C3D007D5959 /* Build configuration list for PBXNativeTarget "ArenaUITests" */ = {
			isa = XCConfigurationList;
			buildConfigurations = (
				8FF0C5C92AD89C3D007D5959 /* Debug */,
				8FF0C5CA2AD89C3D007D5959 /* Release */,
			);
			defaultConfigurationIsVisible = 0;
			defaultConfigurationName = Release;
		};
/* End XCConfigurationList section */

/* Begin XCRemoteSwiftPackageReference section */
		8F0A4E472B032CF500CFBC59 /* XCRemoteSwiftPackageReference "Nuke" */ = {
			isa = XCRemoteSwiftPackageReference;
			repositoryURL = "https://github.com/kean/Nuke";
			requirement = {
				kind = upToNextMajorVersion;
				minimumVersion = 12.1.6;
			};
		};
		8F28440E2AE1CF10001EE26D /* XCRemoteSwiftPackageReference "Modals" */ = {
			isa = XCRemoteSwiftPackageReference;
			repositoryURL = "http://github.com/fieldday-ai/Modals.git";
			requirement = {
				branch = main;
				kind = branch;
			};
		};
		8F2844172AE1FC4C001EE26D /* XCRemoteSwiftPackageReference "DebouncedOnChange" */ = {
			isa = XCRemoteSwiftPackageReference;
			repositoryURL = "https://github.com/Tunous/DebouncedOnChange.git";
			requirement = {
				kind = upToNextMajorVersion;
				minimumVersion = 1.1.0;
			};
		};
		8F3A8B982B07B32500FC5F6D /* XCRemoteSwiftPackageReference "rive-ios" */ = {
			isa = XCRemoteSwiftPackageReference;
			repositoryURL = "https://github.com/rive-app/rive-ios";
			requirement = {
				kind = upToNextMajorVersion;
				minimumVersion = 5.6.1;
			};
		};
		8F4019592AFE745B003AED4E /* XCRemoteSwiftPackageReference "Pow" */ = {
			isa = XCRemoteSwiftPackageReference;
			repositoryURL = "https://github.com/movingparts-io/Pow";
			requirement = {
				branch = main;
				kind = branch;
			};
		};
		8F566D102B01CA0200A58102 /* XCRemoteSwiftPackageReference "SmoothGradient" */ = {
			isa = XCRemoteSwiftPackageReference;
			repositoryURL = "https://github.com/raymondjavaxx/SmoothGradient.git";
			requirement = {
				kind = upToNextMajorVersion;
				minimumVersion = 1.0.0;
			};
		};
		8F60D5D22B009D2300DB3D78 /* XCRemoteSwiftPackageReference "StatefulTabView" */ = {
			isa = XCRemoteSwiftPackageReference;
			repositoryURL = "https://github.com/NicholasBellucci/StatefulTabView";
			requirement = {
				kind = upToNextMajorVersion;
				minimumVersion = 0.1.10;
			};
		};
		8F6B06212AE4A9EF00EEDE9C /* XCRemoteSwiftPackageReference "giffy" */ = {
			isa = XCRemoteSwiftPackageReference;
			repositoryURL = "https://github.com/tfmart/giffy";
			requirement = {
				branch = main;
				kind = branch;
			};
		};
		8F8542742AFF14340078E82C /* XCRemoteSwiftPackageReference "Defaults" */ = {
			isa = XCRemoteSwiftPackageReference;
			repositoryURL = "https://github.com/sindresorhus/Defaults";
			requirement = {
				branch = main;
				kind = branch;
			};
		};
		8FE584722AFDCCC600828308 /* XCRemoteSwiftPackageReference "SwiftUI-Shimmer" */ = {
			isa = XCRemoteSwiftPackageReference;
			repositoryURL = "https://github.com/markiv/SwiftUI-Shimmer";
			requirement = {
				kind = upToNextMajorVersion;
				minimumVersion = 1.4.0;
			};
		};
		8FF6EFC12AF8953E00A58631 /* XCRemoteSwiftPackageReference "BetterSafariView" */ = {
			isa = XCRemoteSwiftPackageReference;
			repositoryURL = "https://github.com/stleamist/BetterSafariView";
			requirement = {
				branch = main;
				kind = branch;
			};
		};
/* End XCRemoteSwiftPackageReference section */

/* Begin XCSwiftPackageProductDependency section */
		8F28440F2AE1CF10001EE26D /* Modals */ = {
			isa = XCSwiftPackageProductDependency;
			package = 8F28440E2AE1CF10001EE26D /* XCRemoteSwiftPackageReference "Modals" */;
			productName = Modals;
		};
		8F2844182AE1FC4C001EE26D /* DebouncedOnChange */ = {
			isa = XCSwiftPackageProductDependency;
			package = 8F2844172AE1FC4C001EE26D /* XCRemoteSwiftPackageReference "DebouncedOnChange" */;
			productName = DebouncedOnChange;
		};
		8F3A8B992B07B32500FC5F6D /* RiveRuntime */ = {
			isa = XCSwiftPackageProductDependency;
			package = 8F3A8B982B07B32500FC5F6D /* XCRemoteSwiftPackageReference "rive-ios" */;
			productName = RiveRuntime;
		};
		8F40195A2AFE745B003AED4E /* Pow */ = {
			isa = XCSwiftPackageProductDependency;
			package = 8F4019592AFE745B003AED4E /* XCRemoteSwiftPackageReference "Pow" */;
			productName = Pow;
		};
		8F566D112B01CA0200A58102 /* SmoothGradient */ = {
			isa = XCSwiftPackageProductDependency;
			package = 8F566D102B01CA0200A58102 /* XCRemoteSwiftPackageReference "SmoothGradient" */;
			productName = SmoothGradient;
		};
		8F60D5D32B009D2300DB3D78 /* StatefulTabView */ = {
			isa = XCSwiftPackageProductDependency;
			package = 8F60D5D22B009D2300DB3D78 /* XCRemoteSwiftPackageReference "StatefulTabView" */;
			productName = StatefulTabView;
		};
		8F6B06222AE4A9EF00EEDE9C /* Giffy */ = {
			isa = XCSwiftPackageProductDependency;
			package = 8F6B06212AE4A9EF00EEDE9C /* XCRemoteSwiftPackageReference "giffy" */;
			productName = Giffy;
		};
		8F8542752AFF14340078E82C /* Defaults */ = {
			isa = XCSwiftPackageProductDependency;
			package = 8F8542742AFF14340078E82C /* XCRemoteSwiftPackageReference "Defaults" */;
			productName = Defaults;
		};
		8FE584732AFDCCC600828308 /* Shimmer */ = {
			isa = XCSwiftPackageProductDependency;
			package = 8FE584722AFDCCC600828308 /* XCRemoteSwiftPackageReference "SwiftUI-Shimmer" */;
			productName = Shimmer;
		};
		8FF2954D2B03311B008520BD /* NukeUI */ = {
			isa = XCSwiftPackageProductDependency;
			package = 8F0A4E472B032CF500CFBC59 /* XCRemoteSwiftPackageReference "Nuke" */;
			productName = NukeUI;
		};
		8FF6EFC22AF8953E00A58631 /* BetterSafariView */ = {
			isa = XCSwiftPackageProductDependency;
			package = 8FF6EFC12AF8953E00A58631 /* XCRemoteSwiftPackageReference "BetterSafariView" */;
			productName = BetterSafariView;
		};
/* End XCSwiftPackageProductDependency section */
	};
	rootObject = 8FF0C5962AD89C3B007D5959 /* Project object */;
}
